
Microsoft Visual Studio Solution File, Format Version 12.00
# Visual Studio Version 17
VisualStudioVersion = 17.13.35825.156
MinimumVisualStudioVersion = 10.0.40219.1
Project("{2150E333-8FDC-42A3-9474-1A3956D46DE8}") = "chapter01", "chapter01", "{DDB4EF12-CC4E-5E88-E6FC-71A802F4DE97}"
EndProject
Project("{FAE04EC0-301F-11D3-BF4B-00C04F79EFBC}") = "ProductSample", "chapter01\ProductSample\ProductSample.csproj", "{51B53761-09C2-49EA-BE02-4BDA35E21099}"
EndProject
Project("{2150E333-8FDC-42A3-9474-1A3956D46DE8}") = "chapter02", "chapter02", "{9502DEB9-C200-4FC7-AAE2-CE0D3689B1E3}"
EndProject
Project("{FAE04EC0-301F-11D3-BF4B-00C04F79EFBC}") = "DistanceConverter", "chapter02\DistanceConverter\DistanceConverter.csproj", "{2CFFC83B-AFB4-4D20-A8FE-8B15B01D7EB7}"
EndProject
Project("{2150E333-8FDC-42A3-9474-1A3956D46DE8}") = "演習問題", "演習問題", "{8AD741B5-B835-4E6D-8AB2-0E79B1F5F71A}"
EndProject
Project("{FAE04EC0-301F-11D3-BF4B-00C04F79EFBC}") = "Exercise02", "chapter02\演習問題\Exercise02\Exercise02.csproj", "{11D3EE69-4D76-41C1-919D-CAE89D45BC82}"
EndProject
Project("{2150E333-8FDC-42A3-9474-1A3956D46DE8}") = "距離換算プログラム", "距離換算プログラム", "{764ECD5C-3C30-4139-965F-A84B408C3672}"
EndProject
Project("{2150E333-8FDC-42A3-9474-1A3956D46DE8}") = "FormApps", "FormApps", "{508FD8B9-D485-4785-ABAA-A937C4F87CE7}"
EndProject
Project("{FAE04EC0-301F-11D3-BF4B-00C04F79EFBC}") = "UnitConverter", "FormApps\UnitConverter\UnitConverter.csproj", "{60854F0F-EFD7-4CEF-8A25-7D4D0E2C5CE4}"
EndProject
Project("{2150E333-8FDC-42A3-9474-1A3956D46DE8}") = "売上集計プログラム", "売上集計プログラム", "{22819A04-EC89-47F2-8A42-4F6284B2A76B}"
EndProject
Project("{FAE04EC0-301F-11D3-BF4B-00C04F79EFBC}") = "SalesCalculator", "chapter02\SalesCalculator\SalesCalculator.csproj", "{BCCD1C9B-336E-4216-A139-5309C5B5DB48}"
EndProject
Project("{FAE04EC0-301F-11D3-BF4B-00C04F79EFBC}") = "Exercise01", "chapter02\演習問題\Exercise01\Exercise01.csproj", "{2E99A165-AEC4-46AE-83DF-E22E7526667B}"
EndProject
Project("{2150E333-8FDC-42A3-9474-1A3956D46DE8}") = "chapter03", "chapter03", "{8B61A5B6-8CB5-4D25-A558-0FD4079D4441}"
EndProject
Project("{FAE04EC0-301F-11D3-BF4B-00C04F79EFBC}") = "Section01", "chapter03\Section01\Section01.csproj", "{77A4FA88-5E82-4F8A-8B3E-EA97F52F4BC1}"
EndProject
Project("{FAE04EC0-301F-11D3-BF4B-00C04F79EFBC}") = "StopWatch", "FormApps\StopWatch\StopWatch.csproj", "{0F275AE7-8CA8-4FC5-83A2-E01EC3D71DDE}"
EndProject
Project("{2150E333-8FDC-42A3-9474-1A3956D46DE8}") = "演習問題", "演習問題", "{2374F9BD-2908-43B3-B664-A8AC2022D2A3}"
EndProject
Project("{FAE04EC0-301F-11D3-BF4B-00C04F79EFBC}") = "Exercise02", "chapter03\演習問題\Exercise02\Exercise02.csproj", "{95746962-F99C-4B95-9C6E-F804B67A4296}"
EndProject
Project("{FAE04EC0-301F-11D3-BF4B-00C04F79EFBC}") = "Section04", "chapter03\Section04\Section04\Section04.csproj", "{19DB0B3A-970D-4DD3-8ED6-2C09E0769EED}"
EndProject
Project("{FAE04EC0-301F-11D3-BF4B-00C04F79EFBC}") = "Exercise01", "chapter03\演習問題\Exercise01\Exercise01\Exercise01.csproj", "{769F18E1-0728-46CB-8D6A-CE78D790D840}"
EndProject
Project("{2150E333-8FDC-42A3-9474-1A3956D46DE8}") = "chapter04", "chapter04", "{70BC40D2-4F97-46DA-9BCE-DC1750498E24}"
EndProject
Project("{FAE04EC0-301F-11D3-BF4B-00C04F79EFBC}") = "Section04", "chapter04\Section04\Section04.csproj", "{D9952D2F-299D-483D-8C20-1953EEE25DA2}"
EndProject
Project("{2150E333-8FDC-42A3-9474-1A3956D46DE8}") = "演習問題", "演習問題", "{CEF72C27-D833-4487-8742-2BC4BE3C2F87}"
EndProject
Project("{FAE04EC0-301F-11D3-BF4B-00C04F79EFBC}") = "Exercise01", "chapter04\演習問題\Exercise01\Exercise01.csproj", "{3303E3BB-66F7-43F3-AF93-F59D45EC69B4}"
EndProject
Project("{FAE04EC0-301F-11D3-BF4B-00C04F79EFBC}") = "Exercise02", "chapter04\演習問題\Exercise02\Exercise02\Exercise02.csproj", "{F267B69A-B95F-4812-94E9-448B40081023}"
EndProject
Project("{2150E333-8FDC-42A3-9474-1A3956D46DE8}") = "LINQ", "LINQ", "{73882D60-05F1-4C5A-A7A5-536F09353896}"
EndProject
Project("{FAE04EC0-301F-11D3-BF4B-00C04F79EFBC}") = "LingSample", "LINQ\LingSample\LingSample.csproj", "{DC855CB2-3E88-49FD-8A1C-BFAFB399D508}"
EndProject
Project("{2150E333-8FDC-42A3-9474-1A3956D46DE8}") = "chapter07", "chapter07", "{8434967D-1A3B-48D7-AA22-115DE980A9F6}"
EndProject
Project("{2150E333-8FDC-42A3-9474-1A3956D46DE8}") = "演習問題", "演習問題", "{17459C08-5FCF-47AE-9A0F-7928972FAC00}"
EndProject
Project("{FAE04EC0-301F-11D3-BF4B-00C04F79EFBC}") = "Exercise01", "chapter07\演習問題\Exercise01\Exercise01.csproj", "{0C195B6D-BA2E-4C9D-8AC7-47DD346CDE28}"
EndProject
Project("{FAE04EC0-301F-11D3-BF4B-00C04F79EFBC}") = "Section01", "chapter07\Section01\Section01.csproj", "{DEA0FFE4-2092-4AFC-98B5-24EB8E79159A}"
EndProject
Project("{FAE04EC0-301F-11D3-BF4B-00C04F79EFBC}") = "Section05", "chapter07\Section05\Section05.csproj", "{D0E773CE-5BCC-45D5-A5AE-8295F00B7C15}"
EndProject
Project("{FAE04EC0-301F-11D3-BF4B-00C04F79EFBC}") = "Exercise02", "chapter07\演習問題\Exercise02\Exercise02.csproj", "{7EFA43D4-0508-4CDD-AE75-0EBB8297B979}"
EndProject
Project("{2150E333-8FDC-42A3-9474-1A3956D46DE8}") = "chapter06", "chapter06", "{A2B163B6-C17B-4426-8AB0-54AF6720F075}"
EndProject
Project("{FAE04EC0-301F-11D3-BF4B-00C04F79EFBC}") = "Section01", "chapter06\Section01\Section01.csproj", "{437E91F7-D25A-4314-92D7-974BD7F83F23}"
EndProject
Project("{2150E333-8FDC-42A3-9474-1A3956D46DE8}") = "演習問題", "演習問題", "{0E63D453-53C5-420D-87EF-18A8B33BFF72}"
EndProject
Project("{FAE04EC0-301F-11D3-BF4B-00C04F79EFBC}") = "Exercise01", "chapter06\演習問題\Exercise01\Exercise01.csproj", "{C11DF922-845A-4DE6-BCE2-0A0A151C0EE8}"
EndProject
Project("{FAE04EC0-301F-11D3-BF4B-00C04F79EFBC}") = "Exercise03", "chapter06\演習問題\Exercise03\Exercise03.csproj", "{01369E8A-9C2A-4702-AA92-0548214BF8C1}"
EndProject
Project("{FAE04EC0-301F-11D3-BF4B-00C04F79EFBC}") = "Exercise02", "chapter06\演習問題\Exercise02\Exercise02.csproj", "{9605B4B8-0A34-BDE4-CFD2-F49073E3B9EF}"
EndProject
Project("{FAE04EC0-301F-11D3-BF4B-00C04F79EFBC}") = "Exercise04", "chapter06\演習問題\Exercise04\Exercise04.csproj", "{8758FBDB-9295-0DA5-31B6-DA01667F06FB}"
EndProject
Project("{FAE04EC0-301F-11D3-BF4B-00C04F79EFBC}") = "Section03", "chapter06\Section03\Section03.csproj", "{95FD036F-DF5A-44CF-92DF-26B67FDE6204}"
EndProject
Project("{2150E333-8FDC-42A3-9474-1A3956D46DE8}") = "chapter05", "chapter05", "{D938E052-FD37-4BE2-B08C-A8CFDD06EA6B}"
EndProject
Project("{2150E333-8FDC-42A3-9474-1A3956D46DE8}") = "演習問題", "演習問題", "{36353C16-E4C5-465D-89FA-F0DA0B762681}"
EndProject
Project("{FAE04EC0-301F-11D3-BF4B-00C04F79EFBC}") = "Section01", "chapter05\Section01\Section01.csproj", "{EDC4C753-3137-48E4-9CA8-7369DF4E0533}"
EndProject
Project("{FAE04EC0-301F-11D3-BF4B-00C04F79EFBC}") = "Section02", "chapter05\Section02\Section02.csproj", "{74D147CB-5792-45FA-8FED-C89A8591D2FC}"
EndProject
Project("{FAE04EC0-301F-11D3-BF4B-00C04F79EFBC}") = "Exercise01", "chapter05\演習問題\Exercise01\Exercise01.csproj", "{3CF8D95A-5E1D-47E4-9F27-6A53A415EB75}"
EndProject
Project("{FAE04EC0-301F-11D3-BF4B-00C04F79EFBC}") = "Exercise02", "chapter05\演習問題\Exercise02\Exercise02.csproj", "{938EC60E-B3F1-4468-ADAF-3295295F6B1E}"
EndProject
Project("{2150E333-8FDC-42A3-9474-1A3956D46DE8}") = "chapter08", "chapter08", "{785F0D35-2AB1-49A5-B47B-DB9D2668A73A}"
EndProject
Project("{2150E333-8FDC-42A3-9474-1A3956D46DE8}") = "演習問題", "演習問題", "{2C610945-1ED7-4A47-B411-57C6530DEF12}"
EndProject
Project("{FAE04EC0-301F-11D3-BF4B-00C04F79EFBC}") = "Exercise01", "chapter08\演習問題\Exercise01\Exercise01.csproj", "{49476551-BB1F-4A7C-B368-1B86F12F1121}"
EndProject
Project("{FAE04EC0-301F-11D3-BF4B-00C04F79EFBC}") = "PrefCapitalLocationSystem", "chapter08\PrefCapitalLocationSystem\PrefCapitalLocationSystem.csproj", "{BA3B5C5E-D6A4-39ED-6760-036CDB62E249}"
EndProject
Project("{FAE04EC0-301F-11D3-BF4B-00C04F79EFBC}") = "Section03", "chapter08\Section03\Section03.csproj", "{ADA12D32-B3EE-4FBA-9BED-5D01D944D572}"
EndProject
Project("{FAE04EC0-301F-11D3-BF4B-00C04F79EFBC}") = "Exercise02", "chapter08\演習問題\Exercise02\Exercise02.csproj", "{AF926723-643E-4799-9312-D80E77F53710}"
EndProject
Project("{2150E333-8FDC-42A3-9474-1A3956D46DE8}") = "Test01", "Test01", "{E877B8C1-A8DF-470F-8D08-53152D206DCC}"
EndProject
Project("{FAE04EC0-301F-11D3-BF4B-00C04F79EFBC}") = "Test01", "Test01\Test01\Test01.csproj", "{6EF7678A-A725-F430-3097-30F090C0100A}"
EndProject
Project("{FAE04EC0-301F-11D3-BF4B-00C04F79EFBC}") = "Test02", "Test01\Test02\Test02.csproj", "{010D0C11-D6A2-3CA6-3281-4E0FD547EC2D}"
EndProject
Project("{2150E333-8FDC-42A3-9474-1A3956D46DE8}") = "chapter09", "chapter09", "{96022DA5-12DB-4D5D-B1E1-7F8072E17E14}"
EndProject
Project("{FAE04EC0-301F-11D3-BF4B-00C04F79EFBC}") = "Section01", "chapter09\Section01\Section01.csproj", "{C84B5D68-7F13-4256-8488-57BEA61313CE}"
EndProject
Project("{2150E333-8FDC-42A3-9474-1A3956D46DE8}") = "演習問題", "演習問題", "{42BFA9EC-51F8-4DCE-9182-BE0E3F0A03FF}"
EndProject
Project("{FAE04EC0-301F-11D3-BF4B-00C04F79EFBC}") = "Exercise01", "chapter09\演習問題\Exercise01\Exercise01.csproj", "{B984265D-4475-4770-A280-838F90347EE0}"
EndProject
Project("{FAE04EC0-301F-11D3-BF4B-00C04F79EFBC}") = "Exercise02", "chapter09\演習問題\Exercise02\Exercise02.csproj", "{52442FBF-AB1E-12BC-8344-0695887AC3CB}"
EndProject
Project("{FAE04EC0-301F-11D3-BF4B-00C04F79EFBC}") = "Exercise03", "chapter09\演習問題\Exercise03\Exercise03.csproj", "{13EA441B-E72F-5CA2-D5D4-B3F52139D7CF}"
EndProject
Project("{FAE04EC0-301F-11D3-BF4B-00C04F79EFBC}") = "CarReportSystem", "FormApps\CarReportSYStem\CarReportSystem.csproj", "{0B48C449-0B35-182D-2B8C-BFE6C8DF0359}"
EndProject
Project("{2150E333-8FDC-42A3-9474-1A3956D46DE8}") = "chapter12", "chapter12", "{76E572DA-F094-4185-98B8-28335411944A}"
EndProject
Project("{2150E333-8FDC-42A3-9474-1A3956D46DE8}") = "演習問題", "演習問題", "{10CFB67E-9691-4BB1-8250-245A6FC4CF02}"
EndProject
Project("{FAE04EC0-301F-11D3-BF4B-00C04F79EFBC}") = "Section01", "chapter12\Section01\Section01.csproj", "{1A02F6CA-0095-4205-A517-2E1DA87DE2CB}"
EndProject
Project("{FAE04EC0-301F-11D3-BF4B-00C04F79EFBC}") = "Exercise01", "chapter12\演習問題\Exercise01\Exercise01.csproj", "{FB3420D6-4E2C-4EEA-ACC8-48F94C1FB294}"
EndProject
Project("{FAE04EC0-301F-11D3-BF4B-00C04F79EFBC}") = "Exercise02", "chapter12\演習問題\Exercise02\Exercise02.csproj", "{F01C3B69-9D05-4BEF-26EB-57BAD926097B}"
EndProject
Project("{FAE04EC0-301F-11D3-BF4B-00C04F79EFBC}") = "Exercise03", "chapter12\演習問題\Exercise03\Exercise03.csproj", "{414DFFD5-4A0F-DD91-933A-D9585859A325}"
EndProject
Project("{FAE04EC0-301F-11D3-BF4B-00C04F79EFBC}") = "RssReader", "FormApps\RssReader\RssReader.csproj", "{4B414D3F-04E2-4B1E-A4E9-DBEFE1C741E0}"
EndProject
Project("{2150E333-8FDC-42A3-9474-1A3956D46DE8}") = "chapter11", "chapter11", "{B6050992-1EC4-44F0-B2B3-F9037693B4FB}"
EndProject
Project("{FAE04EC0-301F-11D3-BF4B-00C04F79EFBC}") = "Section02", "chapter11\Section02\Section02.csproj", "{4CC4BFF9-77E1-40F5-B5DE-8EBFA40156EF}"
EndProject
Project("{2150E333-8FDC-42A3-9474-1A3956D46DE8}") = "演習問題", "演習問題", "{57110C73-891E-4860-825A-0E50DC583012}"
EndProject
Project("{FAE04EC0-301F-11D3-BF4B-00C04F79EFBC}") = "Exercise01", "chapter11\演習問題\Exercise01\Exercise01.csproj", "{7802AB3C-D68A-43A7-8414-7774370D948C}"
EndProject
Project("{FAE04EC0-301F-11D3-BF4B-00C04F79EFBC}") = "Exercise02", "Exercise02\Exercise02.csproj", "{73236A99-A91C-4912-A98B-CC8DAAF0892E}"
EndProject
Project("{FAE04EC0-301F-11D3-BF4B-00C04F79EFBC}") = "Section03", "chapter11\Section03\Section03.csproj", "{2F4E4F4B-72CF-43C7-804E-B7AA189B4646}"
EndProject
Project("{FAE04EC0-301F-11D3-BF4B-00C04F79EFBC}") = "Exercise03", "chapter11\演習問題\Exercise03\Exercise03.csproj", "{B6E1425B-551E-4407-9643-5B081829C951}"
EndProject
Project("{FAE04EC0-301F-11D3-BF4B-00C04F79EFBC}") = "Section04", "chapter11\Section\Section04.csproj", "{B672C6D3-2BAE-41FA-B2B8-B58FE2CE6AE8}"
EndProject
Project("{FAE04EC0-301F-11D3-BF4B-00C04F79EFBC}") = "Exercise04", "chapter11\演習問題\Exercise04\Exercise04.csproj", "{D73BAE33-099B-48C2-B24A-C21C07BDF7AC}"
EndProject
Project("{FAE04EC0-301F-11D3-BF4B-00C04F79EFBC}") = "Exercise05", "chapter11\演習問題\Exercise05\Exercise05.csproj", "{74EBCF75-CAE9-4EFE-B36C-71430A07F673}"
EndProject
Project("{2150E333-8FDC-42A3-9474-1A3956D46DE8}") = "WPF", "WPF", "{C71D8399-BA15-4DEA-B81C-C29FF122BFC0}"
EndProject
Project("{FAE04EC0-301F-11D3-BF4B-00C04F79EFBC}") = "SampleApplication", "WPF\SampleApplication\SampleApplication.csproj", "{F82871F7-F648-47FA-9DE6-FB857BA90203}"
EndProject
Project("{FAE04EC0-301F-11D3-BF4B-00C04F79EFBC}") = "SampleSlider", "WPF\SampleSlider\SampleSlider.csproj", "{DDF2CF19-6223-4DFB-8495-796F9271B0FD}"
EndProject
Project("{FAE04EC0-301F-11D3-BF4B-00C04F79EFBC}") = "CollarChecker", "WPF\CollarChecker\CollarChecker.csproj", "{6D26A0D5-6BEA-4C59-9205-12DC21B892BE}"
EndProject
Project("{FAE04EC0-301F-11D3-BF4B-00C04F79EFBC}") = "ConverterApp", "WPF\ConverterApp\ConverterApp.csproj", "{C799D399-AA33-4F8C-8832-2920EBE83539}"
EndProject
Project("{FAE04EC0-301F-11D3-BF4B-00C04F79EFBC}") = "Halloworld", "WPF\Halloworld\Halloworld.csproj", "{EA645951-4F2E-4AE8-BD5B-6B9FEE6E2FAA}"
EndProject
Project("{FAE04EC0-301F-11D3-BF4B-00C04F79EFBC}") = "PrismObservesSample", "WPF\PrismObservesSample\PrismObservesSample.csproj", "{056F276C-53A9-4F72-91D9-494DB648DA02}"
EndProject
Project("{FAE04EC0-301F-11D3-BF4B-00C04F79EFBC}") = "SampleUnitComberter", "WPF\SampleUnitComberter\SampleUnitComberter.csproj", "{3B27A04E-58BA-472D-A63D-6449C742D1F2}"
EndProject
Project("{2150E333-8FDC-42A3-9474-1A3956D46DE8}") = "SQLite", "SQLite", "{D5AF70D0-33C2-44C7-B92C-5B445F456CD0}"
EndProject
Project("{FAE04EC0-301F-11D3-BF4B-00C04F79EFBC}") = "Sample", "SQLite\Sample\Sample.csproj", "{942A1E9A-E098-48E0-A972-5A7A28B0F699}"
EndProject
Project("{FAE04EC0-301F-11D3-BF4B-00C04F79EFBC}") = "CustomerApp", "SQLite\CustomerApp\CustomerApp.csproj", "{C8911A36-C1F9-4659-8B70-D3E4CEA6F7E8}"
EndProject
Project("{2150E333-8FDC-42A3-9474-1A3956D46DE8}") = "chapter13", "chapter13", "{A7805CBF-CAC5-4846-A513-7F557108677F}"
EndProject
Project("{FAE04EC0-301F-11D3-BF4B-00C04F79EFBC}") = "Section01", "chapter13\Section01\Section01.csproj", "{409C8AB9-21DB-4D90-8610-D593407CF04E}"
EndProject
Project("{2150E333-8FDC-42A3-9474-1A3956D46DE8}") = "演習問題", "演習問題", "{0866780C-6EE4-4A38-84B2-428E5F3B650F}"
EndProject
Project("{FAE04EC0-301F-11D3-BF4B-00C04F79EFBC}") = "Exercise01", "chapter13\演習問題\Exercise01\Exercise01.csproj", "{5E5E9889-61EC-42F0-B841-92EC69C0F36E}"
EndProject
Project("{2150E333-8FDC-42A3-9474-1A3956D46DE8}") = "Solution Items", "Solution Items", "{C2FC0E41-0D5C-4E6F-9F4C-0651D93E3B9E}"
	ProjectSection(SolutionItems) = preProject
		.editorconfig = .editorconfig
	EndProjectSection
EndProject
Project("{2150E333-8FDC-42A3-9474-1A3956D46DE8}") = "chapter14", "chapter14", "{68F2E6AB-C879-43C3-8502-9A1A3FF3D6B0}"
EndProject
Project("{FAE04EC0-301F-11D3-BF4B-00C04F79EFBC}") = "Section03", "chapter14\Section03\Section03.csproj", "{E7516193-4BC9-491B-9293-180EC521D928}"
EndProject
Project("{2150E333-8FDC-42A3-9474-1A3956D46DE8}") = "演習問題", "演習問題", "{F6F16DDC-CE4D-4B70-B114-4742BBFEFB3C}"
EndProject
Project("{FAE04EC0-301F-11D3-BF4B-00C04F79EFBC}") = "Exercise01_Form", "chapter14\演習問題\Exercise01_Form\Exercise01_Form.csproj", "{2833C48D-1B26-4683-B083-5A4D2CEEE89A}"
EndProject
Project("{FAE04EC0-301F-11D3-BF4B-00C04F79EFBC}") = "Exercise01_Wpf", "chapter14\演習問題\Exercise01_Wpf\Exercise01_Wpf.csproj", "{B58BF111-D860-479C-95C0-0C027DE03CC1}"
EndProject
Project("{FAE04EC0-301F-11D3-BF4B-00C04F79EFBC}") = "Exercise01_Console", "chapter14\演習問題\Exercise01_Console\Exercise01_Console.csproj", "{35792CC0-99A8-4C69-A3CB-2132D500B68E}"
EndProject
Project("{FAE04EC0-301F-11D3-BF4B-00C04F79EFBC}") = "Section04", "chapter14\Section04\Section04.csproj", "{DBB62A6F-3868-4AA5-B38F-E2A0FDBC5388}"
EndProject
Project("{FAE04EC0-301F-11D3-BF4B-00C04F79EFBC}") = "WebBrowser", "chapter14\WebBrowser\WebBrowser.csproj", "{E4CDAEA8-5012-4A3E-B3FE-E81373A86442}"
EndProject
Project("{FAE04EC0-301F-11D3-BF4B-00C04F79EFBC}") = "Section05", "chapter14\Section05\Section05.csproj", "{0954B4F7-90CB-49EE-82C0-1DE7F0B8A877}"
EndProject
Project("{2150E333-8FDC-42A3-9474-1A3956D46DE8}") = "chapter10", "chapter10", "{0FD91D5A-69F0-4E7B-BBCD-590A7D295B70}"
EndProject
Project("{2150E333-8FDC-42A3-9474-1A3956D46DE8}") = "演習問題", "演習問題", "{19C61961-3AE6-4FC7-AD4E-BFBDD6E7DC7E}"
EndProject
Project("{FAE04EC0-301F-11D3-BF4B-00C04F79EFBC}") = "Section01", "chapter10\Section01\Section01.csproj", "{CEF0396B-D11A-41B5-B6B8-2C19CEF297EB}"
EndProject
Project("{FAE04EC0-301F-11D3-BF4B-00C04F79EFBC}") = "Section02", "chapter10\Section02\Section02.csproj", "{B34C30DE-1911-4BC4-BF24-5D4304D2729B}"
EndProject
Project("{FAE04EC0-301F-11D3-BF4B-00C04F79EFBC}") = "Exercise01", "Exercise01\Exercise01.csproj", "{735813DD-95E5-4804-832A-BC19EA00C65F}"
EndProject
Project("{FAE04EC0-301F-11D3-BF4B-00C04F79EFBC}") = "Exercise02", "chapter10\演習問題\Exercise02\Exercise02.csproj", "{CBDCEACA-0298-42BB-B9EA-9BFB281D26DB}"
EndProject
Project("{2150E333-8FDC-42A3-9474-1A3956D46DE8}") = "chapter15", "chapter15", "{74670008-DD65-42B8-88D2-2004C2077CDC}"
EndProject
Project("{FAE04EC0-301F-11D3-BF4B-00C04F79EFBC}") = "Section01", "chapter15\Section01\Section01.csproj", "{74E36260-9BA6-4AE5-8EF2-FFAE67B98646}"
EndProject
Project("{2150E333-8FDC-42A3-9474-1A3956D46DE8}") = "TemplateMethod", "TemplateMethod", "{2D12FD60-FF5F-4827-B3A2-2A5F90B328B9}"
EndProject
Project("{FAE04EC0-301F-11D3-BF4B-00C04F79EFBC}") = "TextFileProcessor", "chapter15\TemplateMethod\TextFilePreussor\TextFileProcessor.csproj", "{3DB5B364-C168-4D26-84A8-CBD9A1D54DBE}"
EndProject
Project("{FAE04EC0-301F-11D3-BF4B-00C04F79EFBC}") = "LineCounter", "chapter15\TemplateMethod\LineCounter\LineCounter.csproj", "{B510AF5E-A79E-467A-B172-FD5F979B3661}"
EndProject
Project("{2150E333-8FDC-42A3-9474-1A3956D46DE8}") = "Strategy", "Strategy", "{6FEE0C6F-AB41-4FC1-91F6-7F06CF0261BE}"
EndProject
Project("{FAE04EC0-301F-11D3-BF4B-00C04F79EFBC}") = "DistanceConverter", "chapter15\Strategy\DistanceConverter\DistanceConverter.csproj", "{20CE861F-177D-45EF-B9B4-898EF3B777B9}"
EndProject
Project("{FAE04EC0-301F-11D3-BF4B-00C04F79EFBC}") = "TextFileProcessorDI", "chapter15\TemplateMethod\TextFileProcessorDI\TextFileProcessorDI.csproj", "{28A93C06-7493-491B-A29B-D70F42F7EA38}"
EndProject
Global
	GlobalSection(SolutionConfigurationPlatforms) = preSolution
		Debug|Any CPU = Debug|Any CPU
		Release|Any CPU = Release|Any CPU
	EndGlobalSection
	GlobalSection(ProjectConfigurationPlatforms) = postSolution
		{51B53761-09C2-49EA-BE02-4BDA35E21099}.Debug|Any CPU.ActiveCfg = Debug|Any CPU
		{51B53761-09C2-49EA-BE02-4BDA35E21099}.Debug|Any CPU.Build.0 = Debug|Any CPU
		{51B53761-09C2-49EA-BE02-4BDA35E21099}.Release|Any CPU.ActiveCfg = Release|Any CPU
		{51B53761-09C2-49EA-BE02-4BDA35E21099}.Release|Any CPU.Build.0 = Release|Any CPU
		{2CFFC83B-AFB4-4D20-A8FE-8B15B01D7EB7}.Debug|Any CPU.ActiveCfg = Debug|Any CPU
		{2CFFC83B-AFB4-4D20-A8FE-8B15B01D7EB7}.Debug|Any CPU.Build.0 = Debug|Any CPU
		{2CFFC83B-AFB4-4D20-A8FE-8B15B01D7EB7}.Release|Any CPU.ActiveCfg = Release|Any CPU
		{2CFFC83B-AFB4-4D20-A8FE-8B15B01D7EB7}.Release|Any CPU.Build.0 = Release|Any CPU
		{11D3EE69-4D76-41C1-919D-CAE89D45BC82}.Debug|Any CPU.ActiveCfg = Debug|Any CPU
		{11D3EE69-4D76-41C1-919D-CAE89D45BC82}.Debug|Any CPU.Build.0 = Debug|Any CPU
		{11D3EE69-4D76-41C1-919D-CAE89D45BC82}.Release|Any CPU.ActiveCfg = Release|Any CPU
		{11D3EE69-4D76-41C1-919D-CAE89D45BC82}.Release|Any CPU.Build.0 = Release|Any CPU
		{60854F0F-EFD7-4CEF-8A25-7D4D0E2C5CE4}.Debug|Any CPU.ActiveCfg = Debug|Any CPU
		{60854F0F-EFD7-4CEF-8A25-7D4D0E2C5CE4}.Debug|Any CPU.Build.0 = Debug|Any CPU
		{60854F0F-EFD7-4CEF-8A25-7D4D0E2C5CE4}.Release|Any CPU.ActiveCfg = Release|Any CPU
		{60854F0F-EFD7-4CEF-8A25-7D4D0E2C5CE4}.Release|Any CPU.Build.0 = Release|Any CPU
		{BCCD1C9B-336E-4216-A139-5309C5B5DB48}.Debug|Any CPU.ActiveCfg = Debug|Any CPU
		{BCCD1C9B-336E-4216-A139-5309C5B5DB48}.Debug|Any CPU.Build.0 = Debug|Any CPU
		{BCCD1C9B-336E-4216-A139-5309C5B5DB48}.Release|Any CPU.ActiveCfg = Release|Any CPU
		{BCCD1C9B-336E-4216-A139-5309C5B5DB48}.Release|Any CPU.Build.0 = Release|Any CPU
		{2E99A165-AEC4-46AE-83DF-E22E7526667B}.Debug|Any CPU.ActiveCfg = Debug|Any CPU
		{2E99A165-AEC4-46AE-83DF-E22E7526667B}.Debug|Any CPU.Build.0 = Debug|Any CPU
		{2E99A165-AEC4-46AE-83DF-E22E7526667B}.Release|Any CPU.ActiveCfg = Release|Any CPU
		{2E99A165-AEC4-46AE-83DF-E22E7526667B}.Release|Any CPU.Build.0 = Release|Any CPU
		{77A4FA88-5E82-4F8A-8B3E-EA97F52F4BC1}.Debug|Any CPU.ActiveCfg = Debug|Any CPU
		{77A4FA88-5E82-4F8A-8B3E-EA97F52F4BC1}.Debug|Any CPU.Build.0 = Debug|Any CPU
		{77A4FA88-5E82-4F8A-8B3E-EA97F52F4BC1}.Release|Any CPU.ActiveCfg = Release|Any CPU
		{77A4FA88-5E82-4F8A-8B3E-EA97F52F4BC1}.Release|Any CPU.Build.0 = Release|Any CPU
		{0F275AE7-8CA8-4FC5-83A2-E01EC3D71DDE}.Debug|Any CPU.ActiveCfg = Debug|Any CPU
		{0F275AE7-8CA8-4FC5-83A2-E01EC3D71DDE}.Debug|Any CPU.Build.0 = Debug|Any CPU
		{0F275AE7-8CA8-4FC5-83A2-E01EC3D71DDE}.Release|Any CPU.ActiveCfg = Release|Any CPU
		{0F275AE7-8CA8-4FC5-83A2-E01EC3D71DDE}.Release|Any CPU.Build.0 = Release|Any CPU
		{95746962-F99C-4B95-9C6E-F804B67A4296}.Debug|Any CPU.ActiveCfg = Debug|Any CPU
		{95746962-F99C-4B95-9C6E-F804B67A4296}.Debug|Any CPU.Build.0 = Debug|Any CPU
		{95746962-F99C-4B95-9C6E-F804B67A4296}.Release|Any CPU.ActiveCfg = Release|Any CPU
		{95746962-F99C-4B95-9C6E-F804B67A4296}.Release|Any CPU.Build.0 = Release|Any CPU
		{19DB0B3A-970D-4DD3-8ED6-2C09E0769EED}.Debug|Any CPU.ActiveCfg = Debug|Any CPU
		{19DB0B3A-970D-4DD3-8ED6-2C09E0769EED}.Debug|Any CPU.Build.0 = Debug|Any CPU
		{19DB0B3A-970D-4DD3-8ED6-2C09E0769EED}.Release|Any CPU.ActiveCfg = Release|Any CPU
		{19DB0B3A-970D-4DD3-8ED6-2C09E0769EED}.Release|Any CPU.Build.0 = Release|Any CPU
		{769F18E1-0728-46CB-8D6A-CE78D790D840}.Debug|Any CPU.ActiveCfg = Debug|Any CPU
		{769F18E1-0728-46CB-8D6A-CE78D790D840}.Debug|Any CPU.Build.0 = Debug|Any CPU
		{769F18E1-0728-46CB-8D6A-CE78D790D840}.Release|Any CPU.ActiveCfg = Release|Any CPU
		{769F18E1-0728-46CB-8D6A-CE78D790D840}.Release|Any CPU.Build.0 = Release|Any CPU
		{D9952D2F-299D-483D-8C20-1953EEE25DA2}.Debug|Any CPU.ActiveCfg = Debug|Any CPU
		{D9952D2F-299D-483D-8C20-1953EEE25DA2}.Debug|Any CPU.Build.0 = Debug|Any CPU
		{D9952D2F-299D-483D-8C20-1953EEE25DA2}.Release|Any CPU.ActiveCfg = Release|Any CPU
		{D9952D2F-299D-483D-8C20-1953EEE25DA2}.Release|Any CPU.Build.0 = Release|Any CPU
		{3303E3BB-66F7-43F3-AF93-F59D45EC69B4}.Debug|Any CPU.ActiveCfg = Debug|Any CPU
		{3303E3BB-66F7-43F3-AF93-F59D45EC69B4}.Debug|Any CPU.Build.0 = Debug|Any CPU
		{3303E3BB-66F7-43F3-AF93-F59D45EC69B4}.Release|Any CPU.ActiveCfg = Release|Any CPU
		{3303E3BB-66F7-43F3-AF93-F59D45EC69B4}.Release|Any CPU.Build.0 = Release|Any CPU
		{F267B69A-B95F-4812-94E9-448B40081023}.Debug|Any CPU.ActiveCfg = Debug|Any CPU
		{F267B69A-B95F-4812-94E9-448B40081023}.Debug|Any CPU.Build.0 = Debug|Any CPU
		{F267B69A-B95F-4812-94E9-448B40081023}.Release|Any CPU.ActiveCfg = Release|Any CPU
		{F267B69A-B95F-4812-94E9-448B40081023}.Release|Any CPU.Build.0 = Release|Any CPU
		{DC855CB2-3E88-49FD-8A1C-BFAFB399D508}.Debug|Any CPU.ActiveCfg = Debug|Any CPU
		{DC855CB2-3E88-49FD-8A1C-BFAFB399D508}.Debug|Any CPU.Build.0 = Debug|Any CPU
		{DC855CB2-3E88-49FD-8A1C-BFAFB399D508}.Release|Any CPU.ActiveCfg = Release|Any CPU
		{DC855CB2-3E88-49FD-8A1C-BFAFB399D508}.Release|Any CPU.Build.0 = Release|Any CPU
		{0C195B6D-BA2E-4C9D-8AC7-47DD346CDE28}.Debug|Any CPU.ActiveCfg = Debug|Any CPU
		{0C195B6D-BA2E-4C9D-8AC7-47DD346CDE28}.Debug|Any CPU.Build.0 = Debug|Any CPU
		{0C195B6D-BA2E-4C9D-8AC7-47DD346CDE28}.Release|Any CPU.ActiveCfg = Release|Any CPU
		{0C195B6D-BA2E-4C9D-8AC7-47DD346CDE28}.Release|Any CPU.Build.0 = Release|Any CPU
		{DEA0FFE4-2092-4AFC-98B5-24EB8E79159A}.Debug|Any CPU.ActiveCfg = Debug|Any CPU
		{DEA0FFE4-2092-4AFC-98B5-24EB8E79159A}.Debug|Any CPU.Build.0 = Debug|Any CPU
		{DEA0FFE4-2092-4AFC-98B5-24EB8E79159A}.Release|Any CPU.ActiveCfg = Release|Any CPU
		{DEA0FFE4-2092-4AFC-98B5-24EB8E79159A}.Release|Any CPU.Build.0 = Release|Any CPU
		{D0E773CE-5BCC-45D5-A5AE-8295F00B7C15}.Debug|Any CPU.ActiveCfg = Debug|Any CPU
		{D0E773CE-5BCC-45D5-A5AE-8295F00B7C15}.Debug|Any CPU.Build.0 = Debug|Any CPU
		{D0E773CE-5BCC-45D5-A5AE-8295F00B7C15}.Release|Any CPU.ActiveCfg = Release|Any CPU
		{D0E773CE-5BCC-45D5-A5AE-8295F00B7C15}.Release|Any CPU.Build.0 = Release|Any CPU
		{7EFA43D4-0508-4CDD-AE75-0EBB8297B979}.Debug|Any CPU.ActiveCfg = Debug|Any CPU
		{7EFA43D4-0508-4CDD-AE75-0EBB8297B979}.Debug|Any CPU.Build.0 = Debug|Any CPU
		{7EFA43D4-0508-4CDD-AE75-0EBB8297B979}.Release|Any CPU.ActiveCfg = Release|Any CPU
		{7EFA43D4-0508-4CDD-AE75-0EBB8297B979}.Release|Any CPU.Build.0 = Release|Any CPU
		{437E91F7-D25A-4314-92D7-974BD7F83F23}.Debug|Any CPU.ActiveCfg = Debug|Any CPU
		{437E91F7-D25A-4314-92D7-974BD7F83F23}.Debug|Any CPU.Build.0 = Debug|Any CPU
		{437E91F7-D25A-4314-92D7-974BD7F83F23}.Release|Any CPU.ActiveCfg = Release|Any CPU
		{437E91F7-D25A-4314-92D7-974BD7F83F23}.Release|Any CPU.Build.0 = Release|Any CPU
		{C11DF922-845A-4DE6-BCE2-0A0A151C0EE8}.Debug|Any CPU.ActiveCfg = Debug|Any CPU
		{C11DF922-845A-4DE6-BCE2-0A0A151C0EE8}.Debug|Any CPU.Build.0 = Debug|Any CPU
		{C11DF922-845A-4DE6-BCE2-0A0A151C0EE8}.Release|Any CPU.ActiveCfg = Release|Any CPU
		{C11DF922-845A-4DE6-BCE2-0A0A151C0EE8}.Release|Any CPU.Build.0 = Release|Any CPU
		{01369E8A-9C2A-4702-AA92-0548214BF8C1}.Debug|Any CPU.ActiveCfg = Debug|Any CPU
		{01369E8A-9C2A-4702-AA92-0548214BF8C1}.Debug|Any CPU.Build.0 = Debug|Any CPU
		{01369E8A-9C2A-4702-AA92-0548214BF8C1}.Release|Any CPU.ActiveCfg = Release|Any CPU
		{01369E8A-9C2A-4702-AA92-0548214BF8C1}.Release|Any CPU.Build.0 = Release|Any CPU
		{9605B4B8-0A34-BDE4-CFD2-F49073E3B9EF}.Debug|Any CPU.ActiveCfg = Debug|Any CPU
		{9605B4B8-0A34-BDE4-CFD2-F49073E3B9EF}.Debug|Any CPU.Build.0 = Debug|Any CPU
		{9605B4B8-0A34-BDE4-CFD2-F49073E3B9EF}.Release|Any CPU.ActiveCfg = Release|Any CPU
		{9605B4B8-0A34-BDE4-CFD2-F49073E3B9EF}.Release|Any CPU.Build.0 = Release|Any CPU
		{8758FBDB-9295-0DA5-31B6-DA01667F06FB}.Debug|Any CPU.ActiveCfg = Debug|Any CPU
		{8758FBDB-9295-0DA5-31B6-DA01667F06FB}.Debug|Any CPU.Build.0 = Debug|Any CPU
		{8758FBDB-9295-0DA5-31B6-DA01667F06FB}.Release|Any CPU.ActiveCfg = Release|Any CPU
		{8758FBDB-9295-0DA5-31B6-DA01667F06FB}.Release|Any CPU.Build.0 = Release|Any CPU
		{95FD036F-DF5A-44CF-92DF-26B67FDE6204}.Debug|Any CPU.ActiveCfg = Debug|Any CPU
		{95FD036F-DF5A-44CF-92DF-26B67FDE6204}.Debug|Any CPU.Build.0 = Debug|Any CPU
		{95FD036F-DF5A-44CF-92DF-26B67FDE6204}.Release|Any CPU.ActiveCfg = Release|Any CPU
		{95FD036F-DF5A-44CF-92DF-26B67FDE6204}.Release|Any CPU.Build.0 = Release|Any CPU
		{EDC4C753-3137-48E4-9CA8-7369DF4E0533}.Debug|Any CPU.ActiveCfg = Debug|Any CPU
		{EDC4C753-3137-48E4-9CA8-7369DF4E0533}.Debug|Any CPU.Build.0 = Debug|Any CPU
		{EDC4C753-3137-48E4-9CA8-7369DF4E0533}.Release|Any CPU.ActiveCfg = Release|Any CPU
		{EDC4C753-3137-48E4-9CA8-7369DF4E0533}.Release|Any CPU.Build.0 = Release|Any CPU
		{74D147CB-5792-45FA-8FED-C89A8591D2FC}.Debug|Any CPU.ActiveCfg = Debug|Any CPU
		{74D147CB-5792-45FA-8FED-C89A8591D2FC}.Debug|Any CPU.Build.0 = Debug|Any CPU
		{74D147CB-5792-45FA-8FED-C89A8591D2FC}.Release|Any CPU.ActiveCfg = Release|Any CPU
		{74D147CB-5792-45FA-8FED-C89A8591D2FC}.Release|Any CPU.Build.0 = Release|Any CPU
		{3CF8D95A-5E1D-47E4-9F27-6A53A415EB75}.Debug|Any CPU.ActiveCfg = Debug|Any CPU
		{3CF8D95A-5E1D-47E4-9F27-6A53A415EB75}.Debug|Any CPU.Build.0 = Debug|Any CPU
		{3CF8D95A-5E1D-47E4-9F27-6A53A415EB75}.Release|Any CPU.ActiveCfg = Release|Any CPU
		{3CF8D95A-5E1D-47E4-9F27-6A53A415EB75}.Release|Any CPU.Build.0 = Release|Any CPU
		{938EC60E-B3F1-4468-ADAF-3295295F6B1E}.Debug|Any CPU.ActiveCfg = Debug|Any CPU
		{938EC60E-B3F1-4468-ADAF-3295295F6B1E}.Debug|Any CPU.Build.0 = Debug|Any CPU
		{938EC60E-B3F1-4468-ADAF-3295295F6B1E}.Release|Any CPU.ActiveCfg = Release|Any CPU
		{938EC60E-B3F1-4468-ADAF-3295295F6B1E}.Release|Any CPU.Build.0 = Release|Any CPU
		{49476551-BB1F-4A7C-B368-1B86F12F1121}.Debug|Any CPU.ActiveCfg = Debug|Any CPU
		{49476551-BB1F-4A7C-B368-1B86F12F1121}.Debug|Any CPU.Build.0 = Debug|Any CPU
		{49476551-BB1F-4A7C-B368-1B86F12F1121}.Release|Any CPU.ActiveCfg = Release|Any CPU
		{49476551-BB1F-4A7C-B368-1B86F12F1121}.Release|Any CPU.Build.0 = Release|Any CPU
		{BA3B5C5E-D6A4-39ED-6760-036CDB62E249}.Debug|Any CPU.ActiveCfg = Debug|Any CPU
		{BA3B5C5E-D6A4-39ED-6760-036CDB62E249}.Debug|Any CPU.Build.0 = Debug|Any CPU
		{BA3B5C5E-D6A4-39ED-6760-036CDB62E249}.Release|Any CPU.ActiveCfg = Release|Any CPU
		{BA3B5C5E-D6A4-39ED-6760-036CDB62E249}.Release|Any CPU.Build.0 = Release|Any CPU
		{ADA12D32-B3EE-4FBA-9BED-5D01D944D572}.Debug|Any CPU.ActiveCfg = Debug|Any CPU
		{ADA12D32-B3EE-4FBA-9BED-5D01D944D572}.Debug|Any CPU.Build.0 = Debug|Any CPU
		{ADA12D32-B3EE-4FBA-9BED-5D01D944D572}.Release|Any CPU.ActiveCfg = Release|Any CPU
		{ADA12D32-B3EE-4FBA-9BED-5D01D944D572}.Release|Any CPU.Build.0 = Release|Any CPU
		{AF926723-643E-4799-9312-D80E77F53710}.Debug|Any CPU.ActiveCfg = Debug|Any CPU
		{AF926723-643E-4799-9312-D80E77F53710}.Debug|Any CPU.Build.0 = Debug|Any CPU
		{AF926723-643E-4799-9312-D80E77F53710}.Release|Any CPU.ActiveCfg = Release|Any CPU
		{AF926723-643E-4799-9312-D80E77F53710}.Release|Any CPU.Build.0 = Release|Any CPU
		{6EF7678A-A725-F430-3097-30F090C0100A}.Debug|Any CPU.ActiveCfg = Debug|Any CPU
		{6EF7678A-A725-F430-3097-30F090C0100A}.Debug|Any CPU.Build.0 = Debug|Any CPU
		{6EF7678A-A725-F430-3097-30F090C0100A}.Release|Any CPU.ActiveCfg = Release|Any CPU
		{6EF7678A-A725-F430-3097-30F090C0100A}.Release|Any CPU.Build.0 = Release|Any CPU
		{010D0C11-D6A2-3CA6-3281-4E0FD547EC2D}.Debug|Any CPU.ActiveCfg = Debug|Any CPU
		{010D0C11-D6A2-3CA6-3281-4E0FD547EC2D}.Debug|Any CPU.Build.0 = Debug|Any CPU
		{010D0C11-D6A2-3CA6-3281-4E0FD547EC2D}.Release|Any CPU.ActiveCfg = Release|Any CPU
		{010D0C11-D6A2-3CA6-3281-4E0FD547EC2D}.Release|Any CPU.Build.0 = Release|Any CPU
		{C84B5D68-7F13-4256-8488-57BEA61313CE}.Debug|Any CPU.ActiveCfg = Debug|Any CPU
		{C84B5D68-7F13-4256-8488-57BEA61313CE}.Debug|Any CPU.Build.0 = Debug|Any CPU
		{C84B5D68-7F13-4256-8488-57BEA61313CE}.Release|Any CPU.ActiveCfg = Release|Any CPU
		{C84B5D68-7F13-4256-8488-57BEA61313CE}.Release|Any CPU.Build.0 = Release|Any CPU
		{B984265D-4475-4770-A280-838F90347EE0}.Debug|Any CPU.ActiveCfg = Debug|Any CPU
		{B984265D-4475-4770-A280-838F90347EE0}.Debug|Any CPU.Build.0 = Debug|Any CPU
		{B984265D-4475-4770-A280-838F90347EE0}.Release|Any CPU.ActiveCfg = Release|Any CPU
		{B984265D-4475-4770-A280-838F90347EE0}.Release|Any CPU.Build.0 = Release|Any CPU
		{52442FBF-AB1E-12BC-8344-0695887AC3CB}.Debug|Any CPU.ActiveCfg = Debug|Any CPU
		{52442FBF-AB1E-12BC-8344-0695887AC3CB}.Debug|Any CPU.Build.0 = Debug|Any CPU
		{52442FBF-AB1E-12BC-8344-0695887AC3CB}.Release|Any CPU.ActiveCfg = Release|Any CPU
		{52442FBF-AB1E-12BC-8344-0695887AC3CB}.Release|Any CPU.Build.0 = Release|Any CPU
		{13EA441B-E72F-5CA2-D5D4-B3F52139D7CF}.Debug|Any CPU.ActiveCfg = Debug|Any CPU
		{13EA441B-E72F-5CA2-D5D4-B3F52139D7CF}.Debug|Any CPU.Build.0 = Debug|Any CPU
		{13EA441B-E72F-5CA2-D5D4-B3F52139D7CF}.Release|Any CPU.ActiveCfg = Release|Any CPU
		{13EA441B-E72F-5CA2-D5D4-B3F52139D7CF}.Release|Any CPU.Build.0 = Release|Any CPU
		{0B48C449-0B35-182D-2B8C-BFE6C8DF0359}.Debug|Any CPU.ActiveCfg = Debug|Any CPU
		{0B48C449-0B35-182D-2B8C-BFE6C8DF0359}.Debug|Any CPU.Build.0 = Debug|Any CPU
		{0B48C449-0B35-182D-2B8C-BFE6C8DF0359}.Release|Any CPU.ActiveCfg = Release|Any CPU
		{0B48C449-0B35-182D-2B8C-BFE6C8DF0359}.Release|Any CPU.Build.0 = Release|Any CPU
		{1A02F6CA-0095-4205-A517-2E1DA87DE2CB}.Debug|Any CPU.ActiveCfg = Debug|Any CPU
		{1A02F6CA-0095-4205-A517-2E1DA87DE2CB}.Debug|Any CPU.Build.0 = Debug|Any CPU
		{1A02F6CA-0095-4205-A517-2E1DA87DE2CB}.Release|Any CPU.ActiveCfg = Release|Any CPU
		{1A02F6CA-0095-4205-A517-2E1DA87DE2CB}.Release|Any CPU.Build.0 = Release|Any CPU
		{FB3420D6-4E2C-4EEA-ACC8-48F94C1FB294}.Debug|Any CPU.ActiveCfg = Debug|Any CPU
		{FB3420D6-4E2C-4EEA-ACC8-48F94C1FB294}.Debug|Any CPU.Build.0 = Debug|Any CPU
		{FB3420D6-4E2C-4EEA-ACC8-48F94C1FB294}.Release|Any CPU.ActiveCfg = Release|Any CPU
		{FB3420D6-4E2C-4EEA-ACC8-48F94C1FB294}.Release|Any CPU.Build.0 = Release|Any CPU
		{F01C3B69-9D05-4BEF-26EB-57BAD926097B}.Debug|Any CPU.ActiveCfg = Debug|Any CPU
		{F01C3B69-9D05-4BEF-26EB-57BAD926097B}.Debug|Any CPU.Build.0 = Debug|Any CPU
		{F01C3B69-9D05-4BEF-26EB-57BAD926097B}.Release|Any CPU.ActiveCfg = Release|Any CPU
		{F01C3B69-9D05-4BEF-26EB-57BAD926097B}.Release|Any CPU.Build.0 = Release|Any CPU
		{414DFFD5-4A0F-DD91-933A-D9585859A325}.Debug|Any CPU.ActiveCfg = Debug|Any CPU
		{414DFFD5-4A0F-DD91-933A-D9585859A325}.Debug|Any CPU.Build.0 = Debug|Any CPU
		{414DFFD5-4A0F-DD91-933A-D9585859A325}.Release|Any CPU.ActiveCfg = Release|Any CPU
		{414DFFD5-4A0F-DD91-933A-D9585859A325}.Release|Any CPU.Build.0 = Release|Any CPU
		{4B414D3F-04E2-4B1E-A4E9-DBEFE1C741E0}.Debug|Any CPU.ActiveCfg = Debug|Any CPU
		{4B414D3F-04E2-4B1E-A4E9-DBEFE1C741E0}.Debug|Any CPU.Build.0 = Debug|Any CPU
		{4B414D3F-04E2-4B1E-A4E9-DBEFE1C741E0}.Release|Any CPU.ActiveCfg = Release|Any CPU
		{4B414D3F-04E2-4B1E-A4E9-DBEFE1C741E0}.Release|Any CPU.Build.0 = Release|Any CPU
		{4CC4BFF9-77E1-40F5-B5DE-8EBFA40156EF}.Debug|Any CPU.ActiveCfg = Debug|Any CPU
		{4CC4BFF9-77E1-40F5-B5DE-8EBFA40156EF}.Debug|Any CPU.Build.0 = Debug|Any CPU
		{4CC4BFF9-77E1-40F5-B5DE-8EBFA40156EF}.Release|Any CPU.ActiveCfg = Release|Any CPU
		{4CC4BFF9-77E1-40F5-B5DE-8EBFA40156EF}.Release|Any CPU.Build.0 = Release|Any CPU
		{7802AB3C-D68A-43A7-8414-7774370D948C}.Debug|Any CPU.ActiveCfg = Debug|Any CPU
		{7802AB3C-D68A-43A7-8414-7774370D948C}.Debug|Any CPU.Build.0 = Debug|Any CPU
		{7802AB3C-D68A-43A7-8414-7774370D948C}.Release|Any CPU.ActiveCfg = Release|Any CPU
		{7802AB3C-D68A-43A7-8414-7774370D948C}.Release|Any CPU.Build.0 = Release|Any CPU
		{73236A99-A91C-4912-A98B-CC8DAAF0892E}.Debug|Any CPU.ActiveCfg = Debug|Any CPU
		{73236A99-A91C-4912-A98B-CC8DAAF0892E}.Debug|Any CPU.Build.0 = Debug|Any CPU
		{73236A99-A91C-4912-A98B-CC8DAAF0892E}.Release|Any CPU.ActiveCfg = Release|Any CPU
		{73236A99-A91C-4912-A98B-CC8DAAF0892E}.Release|Any CPU.Build.0 = Release|Any CPU
		{2F4E4F4B-72CF-43C7-804E-B7AA189B4646}.Debug|Any CPU.ActiveCfg = Debug|Any CPU
		{2F4E4F4B-72CF-43C7-804E-B7AA189B4646}.Debug|Any CPU.Build.0 = Debug|Any CPU
		{2F4E4F4B-72CF-43C7-804E-B7AA189B4646}.Release|Any CPU.ActiveCfg = Release|Any CPU
		{2F4E4F4B-72CF-43C7-804E-B7AA189B4646}.Release|Any CPU.Build.0 = Release|Any CPU
		{B6E1425B-551E-4407-9643-5B081829C951}.Debug|Any CPU.ActiveCfg = Debug|Any CPU
		{B6E1425B-551E-4407-9643-5B081829C951}.Debug|Any CPU.Build.0 = Debug|Any CPU
		{B6E1425B-551E-4407-9643-5B081829C951}.Release|Any CPU.ActiveCfg = Release|Any CPU
		{B6E1425B-551E-4407-9643-5B081829C951}.Release|Any CPU.Build.0 = Release|Any CPU
		{B672C6D3-2BAE-41FA-B2B8-B58FE2CE6AE8}.Debug|Any CPU.ActiveCfg = Debug|Any CPU
		{B672C6D3-2BAE-41FA-B2B8-B58FE2CE6AE8}.Debug|Any CPU.Build.0 = Debug|Any CPU
		{B672C6D3-2BAE-41FA-B2B8-B58FE2CE6AE8}.Release|Any CPU.ActiveCfg = Release|Any CPU
		{B672C6D3-2BAE-41FA-B2B8-B58FE2CE6AE8}.Release|Any CPU.Build.0 = Release|Any CPU
		{D73BAE33-099B-48C2-B24A-C21C07BDF7AC}.Debug|Any CPU.ActiveCfg = Debug|Any CPU
		{D73BAE33-099B-48C2-B24A-C21C07BDF7AC}.Debug|Any CPU.Build.0 = Debug|Any CPU
		{D73BAE33-099B-48C2-B24A-C21C07BDF7AC}.Release|Any CPU.ActiveCfg = Release|Any CPU
		{D73BAE33-099B-48C2-B24A-C21C07BDF7AC}.Release|Any CPU.Build.0 = Release|Any CPU
		{74EBCF75-CAE9-4EFE-B36C-71430A07F673}.Debug|Any CPU.ActiveCfg = Debug|Any CPU
		{74EBCF75-CAE9-4EFE-B36C-71430A07F673}.Debug|Any CPU.Build.0 = Debug|Any CPU
		{74EBCF75-CAE9-4EFE-B36C-71430A07F673}.Release|Any CPU.ActiveCfg = Release|Any CPU
		{74EBCF75-CAE9-4EFE-B36C-71430A07F673}.Release|Any CPU.Build.0 = Release|Any CPU
		{F82871F7-F648-47FA-9DE6-FB857BA90203}.Debug|Any CPU.ActiveCfg = Debug|Any CPU
		{F82871F7-F648-47FA-9DE6-FB857BA90203}.Debug|Any CPU.Build.0 = Debug|Any CPU
		{F82871F7-F648-47FA-9DE6-FB857BA90203}.Release|Any CPU.ActiveCfg = Release|Any CPU
		{F82871F7-F648-47FA-9DE6-FB857BA90203}.Release|Any CPU.Build.0 = Release|Any CPU
		{DDF2CF19-6223-4DFB-8495-796F9271B0FD}.Debug|Any CPU.ActiveCfg = Debug|Any CPU
		{DDF2CF19-6223-4DFB-8495-796F9271B0FD}.Debug|Any CPU.Build.0 = Debug|Any CPU
		{DDF2CF19-6223-4DFB-8495-796F9271B0FD}.Release|Any CPU.ActiveCfg = Release|Any CPU
		{DDF2CF19-6223-4DFB-8495-796F9271B0FD}.Release|Any CPU.Build.0 = Release|Any CPU
		{6D26A0D5-6BEA-4C59-9205-12DC21B892BE}.Debug|Any CPU.ActiveCfg = Debug|Any CPU
		{6D26A0D5-6BEA-4C59-9205-12DC21B892BE}.Debug|Any CPU.Build.0 = Debug|Any CPU
		{6D26A0D5-6BEA-4C59-9205-12DC21B892BE}.Release|Any CPU.ActiveCfg = Release|Any CPU
		{6D26A0D5-6BEA-4C59-9205-12DC21B892BE}.Release|Any CPU.Build.0 = Release|Any CPU
		{C799D399-AA33-4F8C-8832-2920EBE83539}.Debug|Any CPU.ActiveCfg = Debug|Any CPU
		{C799D399-AA33-4F8C-8832-2920EBE83539}.Debug|Any CPU.Build.0 = Debug|Any CPU
		{C799D399-AA33-4F8C-8832-2920EBE83539}.Release|Any CPU.ActiveCfg = Release|Any CPU
		{C799D399-AA33-4F8C-8832-2920EBE83539}.Release|Any CPU.Build.0 = Release|Any CPU
		{EA645951-4F2E-4AE8-BD5B-6B9FEE6E2FAA}.Debug|Any CPU.ActiveCfg = Debug|Any CPU
		{EA645951-4F2E-4AE8-BD5B-6B9FEE6E2FAA}.Debug|Any CPU.Build.0 = Debug|Any CPU
		{EA645951-4F2E-4AE8-BD5B-6B9FEE6E2FAA}.Release|Any CPU.ActiveCfg = Release|Any CPU
		{EA645951-4F2E-4AE8-BD5B-6B9FEE6E2FAA}.Release|Any CPU.Build.0 = Release|Any CPU
		{056F276C-53A9-4F72-91D9-494DB648DA02}.Debug|Any CPU.ActiveCfg = Debug|Any CPU
		{056F276C-53A9-4F72-91D9-494DB648DA02}.Debug|Any CPU.Build.0 = Debug|Any CPU
		{056F276C-53A9-4F72-91D9-494DB648DA02}.Release|Any CPU.ActiveCfg = Release|Any CPU
		{056F276C-53A9-4F72-91D9-494DB648DA02}.Release|Any CPU.Build.0 = Release|Any CPU
		{3B27A04E-58BA-472D-A63D-6449C742D1F2}.Debug|Any CPU.ActiveCfg = Debug|Any CPU
		{3B27A04E-58BA-472D-A63D-6449C742D1F2}.Debug|Any CPU.Build.0 = Debug|Any CPU
		{3B27A04E-58BA-472D-A63D-6449C742D1F2}.Release|Any CPU.ActiveCfg = Release|Any CPU
		{3B27A04E-58BA-472D-A63D-6449C742D1F2}.Release|Any CPU.Build.0 = Release|Any CPU
		{942A1E9A-E098-48E0-A972-5A7A28B0F699}.Debug|Any CPU.ActiveCfg = Debug|Any CPU
		{942A1E9A-E098-48E0-A972-5A7A28B0F699}.Debug|Any CPU.Build.0 = Debug|Any CPU
		{942A1E9A-E098-48E0-A972-5A7A28B0F699}.Release|Any CPU.ActiveCfg = Release|Any CPU
		{942A1E9A-E098-48E0-A972-5A7A28B0F699}.Release|Any CPU.Build.0 = Release|Any CPU
		{C8911A36-C1F9-4659-8B70-D3E4CEA6F7E8}.Debug|Any CPU.ActiveCfg = Debug|Any CPU
		{C8911A36-C1F9-4659-8B70-D3E4CEA6F7E8}.Debug|Any CPU.Build.0 = Debug|Any CPU
		{C8911A36-C1F9-4659-8B70-D3E4CEA6F7E8}.Release|Any CPU.ActiveCfg = Release|Any CPU
		{C8911A36-C1F9-4659-8B70-D3E4CEA6F7E8}.Release|Any CPU.Build.0 = Release|Any CPU
		{409C8AB9-21DB-4D90-8610-D593407CF04E}.Debug|Any CPU.ActiveCfg = Debug|Any CPU
		{409C8AB9-21DB-4D90-8610-D593407CF04E}.Debug|Any CPU.Build.0 = Debug|Any CPU
		{409C8AB9-21DB-4D90-8610-D593407CF04E}.Release|Any CPU.ActiveCfg = Release|Any CPU
		{409C8AB9-21DB-4D90-8610-D593407CF04E}.Release|Any CPU.Build.0 = Release|Any CPU
		{5E5E9889-61EC-42F0-B841-92EC69C0F36E}.Debug|Any CPU.ActiveCfg = Debug|Any CPU
		{5E5E9889-61EC-42F0-B841-92EC69C0F36E}.Debug|Any CPU.Build.0 = Debug|Any CPU
		{5E5E9889-61EC-42F0-B841-92EC69C0F36E}.Release|Any CPU.ActiveCfg = Release|Any CPU
		{5E5E9889-61EC-42F0-B841-92EC69C0F36E}.Release|Any CPU.Build.0 = Release|Any CPU
		{E7516193-4BC9-491B-9293-180EC521D928}.Debug|Any CPU.ActiveCfg = Debug|Any CPU
		{E7516193-4BC9-491B-9293-180EC521D928}.Debug|Any CPU.Build.0 = Debug|Any CPU
		{E7516193-4BC9-491B-9293-180EC521D928}.Release|Any CPU.ActiveCfg = Release|Any CPU
		{E7516193-4BC9-491B-9293-180EC521D928}.Release|Any CPU.Build.0 = Release|Any CPU
		{2833C48D-1B26-4683-B083-5A4D2CEEE89A}.Debug|Any CPU.ActiveCfg = Debug|Any CPU
		{2833C48D-1B26-4683-B083-5A4D2CEEE89A}.Debug|Any CPU.Build.0 = Debug|Any CPU
		{2833C48D-1B26-4683-B083-5A4D2CEEE89A}.Release|Any CPU.ActiveCfg = Release|Any CPU
		{2833C48D-1B26-4683-B083-5A4D2CEEE89A}.Release|Any CPU.Build.0 = Release|Any CPU
		{B58BF111-D860-479C-95C0-0C027DE03CC1}.Debug|Any CPU.ActiveCfg = Debug|Any CPU
		{B58BF111-D860-479C-95C0-0C027DE03CC1}.Debug|Any CPU.Build.0 = Debug|Any CPU
		{B58BF111-D860-479C-95C0-0C027DE03CC1}.Release|Any CPU.ActiveCfg = Release|Any CPU
		{B58BF111-D860-479C-95C0-0C027DE03CC1}.Release|Any CPU.Build.0 = Release|Any CPU
		{35792CC0-99A8-4C69-A3CB-2132D500B68E}.Debug|Any CPU.ActiveCfg = Debug|Any CPU
		{35792CC0-99A8-4C69-A3CB-2132D500B68E}.Debug|Any CPU.Build.0 = Debug|Any CPU
		{35792CC0-99A8-4C69-A3CB-2132D500B68E}.Release|Any CPU.ActiveCfg = Release|Any CPU
		{35792CC0-99A8-4C69-A3CB-2132D500B68E}.Release|Any CPU.Build.0 = Release|Any CPU
		{DBB62A6F-3868-4AA5-B38F-E2A0FDBC5388}.Debug|Any CPU.ActiveCfg = Debug|Any CPU
		{DBB62A6F-3868-4AA5-B38F-E2A0FDBC5388}.Debug|Any CPU.Build.0 = Debug|Any CPU
		{DBB62A6F-3868-4AA5-B38F-E2A0FDBC5388}.Release|Any CPU.ActiveCfg = Release|Any CPU
		{DBB62A6F-3868-4AA5-B38F-E2A0FDBC5388}.Release|Any CPU.Build.0 = Release|Any CPU
		{E4CDAEA8-5012-4A3E-B3FE-E81373A86442}.Debug|Any CPU.ActiveCfg = Debug|Any CPU
		{E4CDAEA8-5012-4A3E-B3FE-E81373A86442}.Debug|Any CPU.Build.0 = Debug|Any CPU
		{E4CDAEA8-5012-4A3E-B3FE-E81373A86442}.Release|Any CPU.ActiveCfg = Release|Any CPU
		{E4CDAEA8-5012-4A3E-B3FE-E81373A86442}.Release|Any CPU.Build.0 = Release|Any CPU
		{0954B4F7-90CB-49EE-82C0-1DE7F0B8A877}.Debug|Any CPU.ActiveCfg = Debug|Any CPU
		{0954B4F7-90CB-49EE-82C0-1DE7F0B8A877}.Debug|Any CPU.Build.0 = Debug|Any CPU
		{0954B4F7-90CB-49EE-82C0-1DE7F0B8A877}.Release|Any CPU.ActiveCfg = Release|Any CPU
		{0954B4F7-90CB-49EE-82C0-1DE7F0B8A877}.Release|Any CPU.Build.0 = Release|Any CPU
		{CEF0396B-D11A-41B5-B6B8-2C19CEF297EB}.Debug|Any CPU.ActiveCfg = Debug|Any CPU
		{CEF0396B-D11A-41B5-B6B8-2C19CEF297EB}.Debug|Any CPU.Build.0 = Debug|Any CPU
		{CEF0396B-D11A-41B5-B6B8-2C19CEF297EB}.Release|Any CPU.ActiveCfg = Release|Any CPU
		{CEF0396B-D11A-41B5-B6B8-2C19CEF297EB}.Release|Any CPU.Build.0 = Release|Any CPU
		{B34C30DE-1911-4BC4-BF24-5D4304D2729B}.Debug|Any CPU.ActiveCfg = Debug|Any CPU
		{B34C30DE-1911-4BC4-BF24-5D4304D2729B}.Debug|Any CPU.Build.0 = Debug|Any CPU
		{B34C30DE-1911-4BC4-BF24-5D4304D2729B}.Release|Any CPU.ActiveCfg = Release|Any CPU
		{B34C30DE-1911-4BC4-BF24-5D4304D2729B}.Release|Any CPU.Build.0 = Release|Any CPU
		{735813DD-95E5-4804-832A-BC19EA00C65F}.Debug|Any CPU.ActiveCfg = Debug|Any CPU
		{735813DD-95E5-4804-832A-BC19EA00C65F}.Debug|Any CPU.Build.0 = Debug|Any CPU
		{735813DD-95E5-4804-832A-BC19EA00C65F}.Release|Any CPU.ActiveCfg = Release|Any CPU
		{735813DD-95E5-4804-832A-BC19EA00C65F}.Release|Any CPU.Build.0 = Release|Any CPU
		{CBDCEACA-0298-42BB-B9EA-9BFB281D26DB}.Debug|Any CPU.ActiveCfg = Debug|Any CPU
		{CBDCEACA-0298-42BB-B9EA-9BFB281D26DB}.Debug|Any CPU.Build.0 = Debug|Any CPU
		{CBDCEACA-0298-42BB-B9EA-9BFB281D26DB}.Release|Any CPU.ActiveCfg = Release|Any CPU
		{CBDCEACA-0298-42BB-B9EA-9BFB281D26DB}.Release|Any CPU.Build.0 = Release|Any CPU
		{74E36260-9BA6-4AE5-8EF2-FFAE67B98646}.Debug|Any CPU.ActiveCfg = Debug|Any CPU
		{74E36260-9BA6-4AE5-8EF2-FFAE67B98646}.Debug|Any CPU.Build.0 = Debug|Any CPU
		{74E36260-9BA6-4AE5-8EF2-FFAE67B98646}.Release|Any CPU.ActiveCfg = Release|Any CPU
		{74E36260-9BA6-4AE5-8EF2-FFAE67B98646}.Release|Any CPU.Build.0 = Release|Any CPU
		{3DB5B364-C168-4D26-84A8-CBD9A1D54DBE}.Debug|Any CPU.ActiveCfg = Debug|Any CPU
		{3DB5B364-C168-4D26-84A8-CBD9A1D54DBE}.Debug|Any CPU.Build.0 = Debug|Any CPU
		{3DB5B364-C168-4D26-84A8-CBD9A1D54DBE}.Release|Any CPU.ActiveCfg = Release|Any CPU
		{3DB5B364-C168-4D26-84A8-CBD9A1D54DBE}.Release|Any CPU.Build.0 = Release|Any CPU
		{B510AF5E-A79E-467A-B172-FD5F979B3661}.Debug|Any CPU.ActiveCfg = Debug|Any CPU
		{B510AF5E-A79E-467A-B172-FD5F979B3661}.Debug|Any CPU.Build.0 = Debug|Any CPU
		{B510AF5E-A79E-467A-B172-FD5F979B3661}.Release|Any CPU.ActiveCfg = Release|Any CPU
		{B510AF5E-A79E-467A-B172-FD5F979B3661}.Release|Any CPU.Build.0 = Release|Any CPU
		{20CE861F-177D-45EF-B9B4-898EF3B777B9}.Debug|Any CPU.ActiveCfg = Debug|Any CPU
		{20CE861F-177D-45EF-B9B4-898EF3B777B9}.Debug|Any CPU.Build.0 = Debug|Any CPU
		{20CE861F-177D-45EF-B9B4-898EF3B777B9}.Release|Any CPU.ActiveCfg = Release|Any CPU
		{20CE861F-177D-45EF-B9B4-898EF3B777B9}.Release|Any CPU.Build.0 = Release|Any CPU
		{28A93C06-7493-491B-A29B-D70F42F7EA38}.Debug|Any CPU.ActiveCfg = Debug|Any CPU
		{28A93C06-7493-491B-A29B-D70F42F7EA38}.Debug|Any CPU.Build.0 = Debug|Any CPU
		{28A93C06-7493-491B-A29B-D70F42F7EA38}.Release|Any CPU.ActiveCfg = Release|Any CPU
		{28A93C06-7493-491B-A29B-D70F42F7EA38}.Release|Any CPU.Build.0 = Release|Any CPU
	EndGlobalSection
	GlobalSection(SolutionProperties) = preSolution
		HideSolutionNode = FALSE
	EndGlobalSection
	GlobalSection(NestedProjects) = preSolution
		{51B53761-09C2-49EA-BE02-4BDA35E21099} = {DDB4EF12-CC4E-5E88-E6FC-71A802F4DE97}
		{2CFFC83B-AFB4-4D20-A8FE-8B15B01D7EB7} = {764ECD5C-3C30-4139-965F-A84B408C3672}
		{8AD741B5-B835-4E6D-8AB2-0E79B1F5F71A} = {9502DEB9-C200-4FC7-AAE2-CE0D3689B1E3}
		{11D3EE69-4D76-41C1-919D-CAE89D45BC82} = {8AD741B5-B835-4E6D-8AB2-0E79B1F5F71A}
		{764ECD5C-3C30-4139-965F-A84B408C3672} = {9502DEB9-C200-4FC7-AAE2-CE0D3689B1E3}
		{60854F0F-EFD7-4CEF-8A25-7D4D0E2C5CE4} = {508FD8B9-D485-4785-ABAA-A937C4F87CE7}
		{22819A04-EC89-47F2-8A42-4F6284B2A76B} = {9502DEB9-C200-4FC7-AAE2-CE0D3689B1E3}
		{BCCD1C9B-336E-4216-A139-5309C5B5DB48} = {22819A04-EC89-47F2-8A42-4F6284B2A76B}
		{2E99A165-AEC4-46AE-83DF-E22E7526667B} = {8AD741B5-B835-4E6D-8AB2-0E79B1F5F71A}
		{77A4FA88-5E82-4F8A-8B3E-EA97F52F4BC1} = {8B61A5B6-8CB5-4D25-A558-0FD4079D4441}
		{0F275AE7-8CA8-4FC5-83A2-E01EC3D71DDE} = {508FD8B9-D485-4785-ABAA-A937C4F87CE7}
		{2374F9BD-2908-43B3-B664-A8AC2022D2A3} = {8B61A5B6-8CB5-4D25-A558-0FD4079D4441}
		{95746962-F99C-4B95-9C6E-F804B67A4296} = {2374F9BD-2908-43B3-B664-A8AC2022D2A3}
		{19DB0B3A-970D-4DD3-8ED6-2C09E0769EED} = {8B61A5B6-8CB5-4D25-A558-0FD4079D4441}
		{769F18E1-0728-46CB-8D6A-CE78D790D840} = {2374F9BD-2908-43B3-B664-A8AC2022D2A3}
		{D9952D2F-299D-483D-8C20-1953EEE25DA2} = {70BC40D2-4F97-46DA-9BCE-DC1750498E24}
		{CEF72C27-D833-4487-8742-2BC4BE3C2F87} = {70BC40D2-4F97-46DA-9BCE-DC1750498E24}
		{3303E3BB-66F7-43F3-AF93-F59D45EC69B4} = {CEF72C27-D833-4487-8742-2BC4BE3C2F87}
		{F267B69A-B95F-4812-94E9-448B40081023} = {CEF72C27-D833-4487-8742-2BC4BE3C2F87}
		{DC855CB2-3E88-49FD-8A1C-BFAFB399D508} = {73882D60-05F1-4C5A-A7A5-536F09353896}
		{17459C08-5FCF-47AE-9A0F-7928972FAC00} = {8434967D-1A3B-48D7-AA22-115DE980A9F6}
		{0C195B6D-BA2E-4C9D-8AC7-47DD346CDE28} = {17459C08-5FCF-47AE-9A0F-7928972FAC00}
		{DEA0FFE4-2092-4AFC-98B5-24EB8E79159A} = {8434967D-1A3B-48D7-AA22-115DE980A9F6}
		{D0E773CE-5BCC-45D5-A5AE-8295F00B7C15} = {8434967D-1A3B-48D7-AA22-115DE980A9F6}
		{7EFA43D4-0508-4CDD-AE75-0EBB8297B979} = {17459C08-5FCF-47AE-9A0F-7928972FAC00}
		{437E91F7-D25A-4314-92D7-974BD7F83F23} = {A2B163B6-C17B-4426-8AB0-54AF6720F075}
		{0E63D453-53C5-420D-87EF-18A8B33BFF72} = {A2B163B6-C17B-4426-8AB0-54AF6720F075}
		{C11DF922-845A-4DE6-BCE2-0A0A151C0EE8} = {0E63D453-53C5-420D-87EF-18A8B33BFF72}
		{01369E8A-9C2A-4702-AA92-0548214BF8C1} = {0E63D453-53C5-420D-87EF-18A8B33BFF72}
		{9605B4B8-0A34-BDE4-CFD2-F49073E3B9EF} = {0E63D453-53C5-420D-87EF-18A8B33BFF72}
		{8758FBDB-9295-0DA5-31B6-DA01667F06FB} = {0E63D453-53C5-420D-87EF-18A8B33BFF72}
		{95FD036F-DF5A-44CF-92DF-26B67FDE6204} = {A2B163B6-C17B-4426-8AB0-54AF6720F075}
		{36353C16-E4C5-465D-89FA-F0DA0B762681} = {D938E052-FD37-4BE2-B08C-A8CFDD06EA6B}
		{EDC4C753-3137-48E4-9CA8-7369DF4E0533} = {D938E052-FD37-4BE2-B08C-A8CFDD06EA6B}
		{74D147CB-5792-45FA-8FED-C89A8591D2FC} = {D938E052-FD37-4BE2-B08C-A8CFDD06EA6B}
		{3CF8D95A-5E1D-47E4-9F27-6A53A415EB75} = {36353C16-E4C5-465D-89FA-F0DA0B762681}
		{938EC60E-B3F1-4468-ADAF-3295295F6B1E} = {36353C16-E4C5-465D-89FA-F0DA0B762681}
		{2C610945-1ED7-4A47-B411-57C6530DEF12} = {785F0D35-2AB1-49A5-B47B-DB9D2668A73A}
		{49476551-BB1F-4A7C-B368-1B86F12F1121} = {2C610945-1ED7-4A47-B411-57C6530DEF12}
		{BA3B5C5E-D6A4-39ED-6760-036CDB62E249} = {785F0D35-2AB1-49A5-B47B-DB9D2668A73A}
		{ADA12D32-B3EE-4FBA-9BED-5D01D944D572} = {785F0D35-2AB1-49A5-B47B-DB9D2668A73A}
		{AF926723-643E-4799-9312-D80E77F53710} = {2C610945-1ED7-4A47-B411-57C6530DEF12}
		{6EF7678A-A725-F430-3097-30F090C0100A} = {E877B8C1-A8DF-470F-8D08-53152D206DCC}
		{010D0C11-D6A2-3CA6-3281-4E0FD547EC2D} = {E877B8C1-A8DF-470F-8D08-53152D206DCC}
		{C84B5D68-7F13-4256-8488-57BEA61313CE} = {96022DA5-12DB-4D5D-B1E1-7F8072E17E14}
		{42BFA9EC-51F8-4DCE-9182-BE0E3F0A03FF} = {96022DA5-12DB-4D5D-B1E1-7F8072E17E14}
		{B984265D-4475-4770-A280-838F90347EE0} = {42BFA9EC-51F8-4DCE-9182-BE0E3F0A03FF}
		{52442FBF-AB1E-12BC-8344-0695887AC3CB} = {42BFA9EC-51F8-4DCE-9182-BE0E3F0A03FF}
		{13EA441B-E72F-5CA2-D5D4-B3F52139D7CF} = {42BFA9EC-51F8-4DCE-9182-BE0E3F0A03FF}
		{0B48C449-0B35-182D-2B8C-BFE6C8DF0359} = {508FD8B9-D485-4785-ABAA-A937C4F87CE7}
		{10CFB67E-9691-4BB1-8250-245A6FC4CF02} = {76E572DA-F094-4185-98B8-28335411944A}
		{1A02F6CA-0095-4205-A517-2E1DA87DE2CB} = {76E572DA-F094-4185-98B8-28335411944A}
		{FB3420D6-4E2C-4EEA-ACC8-48F94C1FB294} = {10CFB67E-9691-4BB1-8250-245A6FC4CF02}
		{F01C3B69-9D05-4BEF-26EB-57BAD926097B} = {10CFB67E-9691-4BB1-8250-245A6FC4CF02}
		{414DFFD5-4A0F-DD91-933A-D9585859A325} = {10CFB67E-9691-4BB1-8250-245A6FC4CF02}
		{4B414D3F-04E2-4B1E-A4E9-DBEFE1C741E0} = {508FD8B9-D485-4785-ABAA-A937C4F87CE7}
		{4CC4BFF9-77E1-40F5-B5DE-8EBFA40156EF} = {B6050992-1EC4-44F0-B2B3-F9037693B4FB}
		{57110C73-891E-4860-825A-0E50DC583012} = {B6050992-1EC4-44F0-B2B3-F9037693B4FB}
		{7802AB3C-D68A-43A7-8414-7774370D948C} = {57110C73-891E-4860-825A-0E50DC583012}
		{73236A99-A91C-4912-A98B-CC8DAAF0892E} = {57110C73-891E-4860-825A-0E50DC583012}
		{2F4E4F4B-72CF-43C7-804E-B7AA189B4646} = {B6050992-1EC4-44F0-B2B3-F9037693B4FB}
		{B6E1425B-551E-4407-9643-5B081829C951} = {57110C73-891E-4860-825A-0E50DC583012}
		{B672C6D3-2BAE-41FA-B2B8-B58FE2CE6AE8} = {B6050992-1EC4-44F0-B2B3-F9037693B4FB}
		{D73BAE33-099B-48C2-B24A-C21C07BDF7AC} = {57110C73-891E-4860-825A-0E50DC583012}
		{74EBCF75-CAE9-4EFE-B36C-71430A07F673} = {57110C73-891E-4860-825A-0E50DC583012}
		{F82871F7-F648-47FA-9DE6-FB857BA90203} = {C71D8399-BA15-4DEA-B81C-C29FF122BFC0}
		{DDF2CF19-6223-4DFB-8495-796F9271B0FD} = {C71D8399-BA15-4DEA-B81C-C29FF122BFC0}
		{6D26A0D5-6BEA-4C59-9205-12DC21B892BE} = {C71D8399-BA15-4DEA-B81C-C29FF122BFC0}
		{C799D399-AA33-4F8C-8832-2920EBE83539} = {C71D8399-BA15-4DEA-B81C-C29FF122BFC0}
		{EA645951-4F2E-4AE8-BD5B-6B9FEE6E2FAA} = {C71D8399-BA15-4DEA-B81C-C29FF122BFC0}
		{056F276C-53A9-4F72-91D9-494DB648DA02} = {C71D8399-BA15-4DEA-B81C-C29FF122BFC0}
		{3B27A04E-58BA-472D-A63D-6449C742D1F2} = {C71D8399-BA15-4DEA-B81C-C29FF122BFC0}
		{942A1E9A-E098-48E0-A972-5A7A28B0F699} = {D5AF70D0-33C2-44C7-B92C-5B445F456CD0}
		{C8911A36-C1F9-4659-8B70-D3E4CEA6F7E8} = {D5AF70D0-33C2-44C7-B92C-5B445F456CD0}
		{409C8AB9-21DB-4D90-8610-D593407CF04E} = {A7805CBF-CAC5-4846-A513-7F557108677F}
		{0866780C-6EE4-4A38-84B2-428E5F3B650F} = {A7805CBF-CAC5-4846-A513-7F557108677F}
		{5E5E9889-61EC-42F0-B841-92EC69C0F36E} = {0866780C-6EE4-4A38-84B2-428E5F3B650F}
		{E7516193-4BC9-491B-9293-180EC521D928} = {68F2E6AB-C879-43C3-8502-9A1A3FF3D6B0}
		{F6F16DDC-CE4D-4B70-B114-4742BBFEFB3C} = {68F2E6AB-C879-43C3-8502-9A1A3FF3D6B0}
		{2833C48D-1B26-4683-B083-5A4D2CEEE89A} = {F6F16DDC-CE4D-4B70-B114-4742BBFEFB3C}
		{B58BF111-D860-479C-95C0-0C027DE03CC1} = {F6F16DDC-CE4D-4B70-B114-4742BBFEFB3C}
		{35792CC0-99A8-4C69-A3CB-2132D500B68E} = {F6F16DDC-CE4D-4B70-B114-4742BBFEFB3C}
		{DBB62A6F-3868-4AA5-B38F-E2A0FDBC5388} = {68F2E6AB-C879-43C3-8502-9A1A3FF3D6B0}
		{E4CDAEA8-5012-4A3E-B3FE-E81373A86442} = {68F2E6AB-C879-43C3-8502-9A1A3FF3D6B0}
		{0954B4F7-90CB-49EE-82C0-1DE7F0B8A877} = {68F2E6AB-C879-43C3-8502-9A1A3FF3D6B0}
		{19C61961-3AE6-4FC7-AD4E-BFBDD6E7DC7E} = {0FD91D5A-69F0-4E7B-BBCD-590A7D295B70}
		{CEF0396B-D11A-41B5-B6B8-2C19CEF297EB} = {0FD91D5A-69F0-4E7B-BBCD-590A7D295B70}
		{B34C30DE-1911-4BC4-BF24-5D4304D2729B} = {0FD91D5A-69F0-4E7B-BBCD-590A7D295B70}
		{735813DD-95E5-4804-832A-BC19EA00C65F} = {19C61961-3AE6-4FC7-AD4E-BFBDD6E7DC7E}
		{CBDCEACA-0298-42BB-B9EA-9BFB281D26DB} = {19C61961-3AE6-4FC7-AD4E-BFBDD6E7DC7E}
		{74E36260-9BA6-4AE5-8EF2-FFAE67B98646} = {74670008-DD65-42B8-88D2-2004C2077CDC}
		{2D12FD60-FF5F-4827-B3A2-2A5F90B328B9} = {74670008-DD65-42B8-88D2-2004C2077CDC}
		{3DB5B364-C168-4D26-84A8-CBD9A1D54DBE} = {2D12FD60-FF5F-4827-B3A2-2A5F90B328B9}
		{B510AF5E-A79E-467A-B172-FD5F979B3661} = {2D12FD60-FF5F-4827-B3A2-2A5F90B328B9}
		{6FEE0C6F-AB41-4FC1-91F6-7F06CF0261BE} = {74670008-DD65-42B8-88D2-2004C2077CDC}
		{20CE861F-177D-45EF-B9B4-898EF3B777B9} = {6FEE0C6F-AB41-4FC1-91F6-7F06CF0261BE}
		{28A93C06-7493-491B-A29B-D70F42F7EA38} = {2D12FD60-FF5F-4827-B3A2-2A5F90B328B9}
	EndGlobalSection
	GlobalSection(ExtensibilityGlobals) = postSolution
		SolutionGuid = {8631C39E-EF80-460E-B830-CA30701647E0}
	EndGlobalSection
EndGlobal
