
Microsoft Visual Studio Solution File, Format Version 12.00
# Visual Studio Version 17
VisualStudioVersion = 17.13.35825.156
MinimumVisualStudioVersion = 10.0.40219.1
Project("{2150E333-8FDC-42A3-9474-1A3956D46DE8}") = "chapter01", "chapter01", "{DDB4EF12-CC4E-5E88-E6FC-71A802F4DE97}"
EndProject
Project("{FAE04EC0-301F-11D3-BF4B-00C04F79EFBC}") = "ProductSample", "chapter01\ProductSample\ProductSample.csproj", "{51B53761-09C2-49EA-BE02-4BDA35E21099}"
EndProject
Project("{2150E333-8FDC-42A3-9474-1A3956D46DE8}") = "chapter02", "chapter02", "{9502DEB9-C200-4FC7-AAE2-CE0D3689B1E3}"
EndProject
Project("{FAE04EC0-301F-11D3-BF4B-00C04F79EFBC}") = "DistanceConverter", "chapter02\DistanceConverter\DistanceConverter.csproj", "{2CFFC83B-AFB4-4D20-A8FE-8B15B01D7EB7}"
EndProject
Project("{2150E333-8FDC-42A3-9474-1A3956D46DE8}") = "演習問題", "演習問題", "{8AD741B5-B835-4E6D-8AB2-0E79B1F5F71A}"
EndProject
Project("{FAE04EC0-301F-11D3-BF4B-00C04F79EFBC}") = "Exercise02", "chapter02\演習問題\Exercise02\Exercise02.csproj", "{11D3EE69-4D76-41C1-919D-CAE89D45BC82}"
EndProject
Project("{2150E333-8FDC-42A3-9474-1A3956D46DE8}") = "距離換算プログラム", "距離換算プログラム", "{764ECD5C-3C30-4139-965F-A84B408C3672}"
EndProject
Project("{2150E333-8FDC-42A3-9474-1A3956D46DE8}") = "FormApps", "FormApps", "{508FD8B9-D485-4785-ABAA-A937C4F87CE7}"
EndProject
Project("{FAE04EC0-301F-11D3-BF4B-00C04F79EFBC}") = "UnitConverter", "FormApps\UnitConverter\UnitConverter.csproj", "{60854F0F-EFD7-4CEF-8A25-7D4D0E2C5CE4}"
EndProject
Project("{2150E333-8FDC-42A3-9474-1A3956D46DE8}") = "売上集計プログラム", "売上集計プログラム", "{22819A04-EC89-47F2-8A42-4F6284B2A76B}"
EndProject
Project("{FAE04EC0-301F-11D3-BF4B-00C04F79EFBC}") = "SalesCalculator", "chapter02\SalesCalculator\SalesCalculator.csproj", "{BCCD1C9B-336E-4216-A139-5309C5B5DB48}"
EndProject
Project("{FAE04EC0-301F-11D3-BF4B-00C04F79EFBC}") = "Exercise01", "chapter02\演習問題\Exercise01\Exercise01.csproj", "{2E99A165-AEC4-46AE-83DF-E22E7526667B}"
EndProject
Project("{2150E333-8FDC-42A3-9474-1A3956D46DE8}") = "chapter03", "chapter03", "{8B61A5B6-8CB5-4D25-A558-0FD4079D4441}"
EndProject
Project("{FAE04EC0-301F-11D3-BF4B-00C04F79EFBC}") = "Section01", "chapter03\Section01\Section01.csproj", "{77A4FA88-5E82-4F8A-8B3E-EA97F52F4BC1}"
EndProject
Project("{FAE04EC0-301F-11D3-BF4B-00C04F79EFBC}") = "StopWatch", "FormApps\StopWatch\StopWatch.csproj", "{0F275AE7-8CA8-4FC5-83A2-E01EC3D71DDE}"
EndProject
Project("{2150E333-8FDC-42A3-9474-1A3956D46DE8}") = "演習問題", "演習問題", "{2374F9BD-2908-43B3-B664-A8AC2022D2A3}"
EndProject
Project("{FAE04EC0-301F-11D3-BF4B-00C04F79EFBC}") = "Exercise02", "chapter03\演習問題\Exercise02\Exercise02.csproj", "{95746962-F99C-4B95-9C6E-F804B67A4296}"
EndProject
Project("{FAE04EC0-301F-11D3-BF4B-00C04F79EFBC}") = "Section04", "chapter03\Section04\Section04\Section04.csproj", "{19DB0B3A-970D-4DD3-8ED6-2C09E0769EED}"
EndProject
Project("{FAE04EC0-301F-11D3-BF4B-00C04F79EFBC}") = "Exercise01", "chapter03\演習問題\Exercise01\Exercise01\Exercise01.csproj", "{769F18E1-0728-46CB-8D6A-CE78D790D840}"
EndProject
Project("{2150E333-8FDC-42A3-9474-1A3956D46DE8}") = "chapter04", "chapter04", "{70BC40D2-4F97-46DA-9BCE-DC1750498E24}"
EndProject
Project("{FAE04EC0-301F-11D3-BF4B-00C04F79EFBC}") = "Section04", "chapter04\Section04\Section04.csproj", "{D9952D2F-299D-483D-8C20-1953EEE25DA2}"
EndProject
Project("{2150E333-8FDC-42A3-9474-1A3956D46DE8}") = "演習問題", "演習問題", "{CEF72C27-D833-4487-8742-2BC4BE3C2F87}"
EndProject
Project("{FAE04EC0-301F-11D3-BF4B-00C04F79EFBC}") = "Exercise01", "chapter04\演習問題\Exercise01\Exercise01.csproj", "{3303E3BB-66F7-43F3-AF93-F59D45EC69B4}"
EndProject
Project("{FAE04EC0-301F-11D3-BF4B-00C04F79EFBC}") = "Exercise02", "chapter04\演習問題\Exercise02\Exercise02\Exercise02.csproj", "{F267B69A-B95F-4812-94E9-448B40081023}"
EndProject
Project("{2150E333-8FDC-42A3-9474-1A3956D46DE8}") = "LINQ", "LINQ", "{73882D60-05F1-4C5A-A7A5-536F09353896}"
EndProject
Project("{FAE04EC0-301F-11D3-BF4B-00C04F79EFBC}") = "LingSample", "LINQ\LingSample\LingSample.csproj", "{DC855CB2-3E88-49FD-8A1C-BFAFB399D508}"
EndProject
Project("{2150E333-8FDC-42A3-9474-1A3956D46DE8}") = "chapter07", "chapter07", "{8434967D-1A3B-48D7-AA22-115DE980A9F6}"
EndProject
Project("{2150E333-8FDC-42A3-9474-1A3956D46DE8}") = "演習問題", "演習問題", "{17459C08-5FCF-47AE-9A0F-7928972FAC00}"
EndProject
Project("{FAE04EC0-301F-11D3-BF4B-00C04F79EFBC}") = "Exercise01", "chapter07\演習問題\Exercise01\Exercise01.csproj", "{0C195B6D-BA2E-4C9D-8AC7-47DD346CDE28}"
EndProject
Project("{FAE04EC0-301F-11D3-BF4B-00C04F79EFBC}") = "Section01", "chapter07\Section01\Section01.csproj", "{DEA0FFE4-2092-4AFC-98B5-24EB8E79159A}"
EndProject
Project("{FAE04EC0-301F-11D3-BF4B-00C04F79EFBC}") = "Section05", "chapter07\Section05\Section05.csproj", "{D0E773CE-5BCC-45D5-A5AE-8295F00B7C15}"
EndProject
Project("{FAE04EC0-301F-11D3-BF4B-00C04F79EFBC}") = "Exercise02", "chapter07\演習問題\Exercise02\Exercise02.csproj", "{7EFA43D4-0508-4CDD-AE75-0EBB8297B979}"
EndProject
Project("{2150E333-8FDC-42A3-9474-1A3956D46DE8}") = "chapter06", "chapter06", "{A2B163B6-C17B-4426-8AB0-54AF6720F075}"
EndProject
Project("{FAE04EC0-301F-11D3-BF4B-00C04F79EFBC}") = "Section01", "chapter06\Section01\Section01.csproj", "{437E91F7-D25A-4314-92D7-974BD7F83F23}"
EndProject
Project("{2150E333-8FDC-42A3-9474-1A3956D46DE8}") = "演習問題", "演習問題", "{0E63D453-53C5-420D-87EF-18A8B33BFF72}"
EndProject
Project("{FAE04EC0-301F-11D3-BF4B-00C04F79EFBC}") = "Exercise01", "chapter06\演習問題\Exercise01\Exercise01.csproj", "{C11DF922-845A-4DE6-BCE2-0A0A151C0EE8}"
EndProject
Project("{FAE04EC0-301F-11D3-BF4B-00C04F79EFBC}") = "Exercise03", "chapter06\演習問題\Exercise03\Exercise03.csproj", "{01369E8A-9C2A-4702-AA92-0548214BF8C1}"
EndProject
Project("{FAE04EC0-301F-11D3-BF4B-00C04F79EFBC}") = "Exercise02", "chapter06\演習問題\Exercise02\Exercise02.csproj", "{9605B4B8-0A34-BDE4-CFD2-F49073E3B9EF}"
EndProject
Global
	GlobalSection(SolutionConfigurationPlatforms) = preSolution
		Debug|Any CPU = Debug|Any CPU
		Release|Any CPU = Release|Any CPU
	EndGlobalSection
	GlobalSection(ProjectConfigurationPlatforms) = postSolution
		{51B53761-09C2-49EA-BE02-4BDA35E21099}.Debug|Any CPU.ActiveCfg = Debug|Any CPU
		{51B53761-09C2-49EA-BE02-4BDA35E21099}.Debug|Any CPU.Build.0 = Debug|Any CPU
		{51B53761-09C2-49EA-BE02-4BDA35E21099}.Release|Any CPU.ActiveCfg = Release|Any CPU
		{51B53761-09C2-49EA-BE02-4BDA35E21099}.Release|Any CPU.Build.0 = Release|Any CPU
		{2CFFC83B-AFB4-4D20-A8FE-8B15B01D7EB7}.Debug|Any CPU.ActiveCfg = Debug|Any CPU
		{2CFFC83B-AFB4-4D20-A8FE-8B15B01D7EB7}.Debug|Any CPU.Build.0 = Debug|Any CPU
		{2CFFC83B-AFB4-4D20-A8FE-8B15B01D7EB7}.Release|Any CPU.ActiveCfg = Release|Any CPU
		{2CFFC83B-AFB4-4D20-A8FE-8B15B01D7EB7}.Release|Any CPU.Build.0 = Release|Any CPU
		{11D3EE69-4D76-41C1-919D-CAE89D45BC82}.Debug|Any CPU.ActiveCfg = Debug|Any CPU
		{11D3EE69-4D76-41C1-919D-CAE89D45BC82}.Debug|Any CPU.Build.0 = Debug|Any CPU
		{11D3EE69-4D76-41C1-919D-CAE89D45BC82}.Release|Any CPU.ActiveCfg = Release|Any CPU
		{11D3EE69-4D76-41C1-919D-CAE89D45BC82}.Release|Any CPU.Build.0 = Release|Any CPU
		{60854F0F-EFD7-4CEF-8A25-7D4D0E2C5CE4}.Debug|Any CPU.ActiveCfg = Debug|Any CPU
		{60854F0F-EFD7-4CEF-8A25-7D4D0E2C5CE4}.Debug|Any CPU.Build.0 = Debug|Any CPU
		{60854F0F-EFD7-4CEF-8A25-7D4D0E2C5CE4}.Release|Any CPU.ActiveCfg = Release|Any CPU
		{60854F0F-EFD7-4CEF-8A25-7D4D0E2C5CE4}.Release|Any CPU.Build.0 = Release|Any CPU
		{BCCD1C9B-336E-4216-A139-5309C5B5DB48}.Debug|Any CPU.ActiveCfg = Debug|Any CPU
		{BCCD1C9B-336E-4216-A139-5309C5B5DB48}.Debug|Any CPU.Build.0 = Debug|Any CPU
		{BCCD1C9B-336E-4216-A139-5309C5B5DB48}.Release|Any CPU.ActiveCfg = Release|Any CPU
		{BCCD1C9B-336E-4216-A139-5309C5B5DB48}.Release|Any CPU.Build.0 = Release|Any CPU
		{2E99A165-AEC4-46AE-83DF-E22E7526667B}.Debug|Any CPU.ActiveCfg = Debug|Any CPU
		{2E99A165-AEC4-46AE-83DF-E22E7526667B}.Debug|Any CPU.Build.0 = Debug|Any CPU
		{2E99A165-AEC4-46AE-83DF-E22E7526667B}.Release|Any CPU.ActiveCfg = Release|Any CPU
		{2E99A165-AEC4-46AE-83DF-E22E7526667B}.Release|Any CPU.Build.0 = Release|Any CPU
		{77A4FA88-5E82-4F8A-8B3E-EA97F52F4BC1}.Debug|Any CPU.ActiveCfg = Debug|Any CPU
		{77A4FA88-5E82-4F8A-8B3E-EA97F52F4BC1}.Debug|Any CPU.Build.0 = Debug|Any CPU
		{77A4FA88-5E82-4F8A-8B3E-EA97F52F4BC1}.Release|Any CPU.ActiveCfg = Release|Any CPU
		{77A4FA88-5E82-4F8A-8B3E-EA97F52F4BC1}.Release|Any CPU.Build.0 = Release|Any CPU
		{0F275AE7-8CA8-4FC5-83A2-E01EC3D71DDE}.Debug|Any CPU.ActiveCfg = Debug|Any CPU
		{0F275AE7-8CA8-4FC5-83A2-E01EC3D71DDE}.Debug|Any CPU.Build.0 = Debug|Any CPU
		{0F275AE7-8CA8-4FC5-83A2-E01EC3D71DDE}.Release|Any CPU.ActiveCfg = Release|Any CPU
		{0F275AE7-8CA8-4FC5-83A2-E01EC3D71DDE}.Release|Any CPU.Build.0 = Release|Any CPU
		{95746962-F99C-4B95-9C6E-F804B67A4296}.Debug|Any CPU.ActiveCfg = Debug|Any CPU
		{95746962-F99C-4B95-9C6E-F804B67A4296}.Debug|Any CPU.Build.0 = Debug|Any CPU
		{95746962-F99C-4B95-9C6E-F804B67A4296}.Release|Any CPU.ActiveCfg = Release|Any CPU
		{95746962-F99C-4B95-9C6E-F804B67A4296}.Release|Any CPU.Build.0 = Release|Any CPU
		{19DB0B3A-970D-4DD3-8ED6-2C09E0769EED}.Debug|Any CPU.ActiveCfg = Debug|Any CPU
		{19DB0B3A-970D-4DD3-8ED6-2C09E0769EED}.Debug|Any CPU.Build.0 = Debug|Any CPU
		{19DB0B3A-970D-4DD3-8ED6-2C09E0769EED}.Release|Any CPU.ActiveCfg = Release|Any CPU
		{19DB0B3A-970D-4DD3-8ED6-2C09E0769EED}.Release|Any CPU.Build.0 = Release|Any CPU
		{769F18E1-0728-46CB-8D6A-CE78D790D840}.Debug|Any CPU.ActiveCfg = Debug|Any CPU
		{769F18E1-0728-46CB-8D6A-CE78D790D840}.Debug|Any CPU.Build.0 = Debug|Any CPU
		{769F18E1-0728-46CB-8D6A-CE78D790D840}.Release|Any CPU.ActiveCfg = Release|Any CPU
		{769F18E1-0728-46CB-8D6A-CE78D790D840}.Release|Any CPU.Build.0 = Release|Any CPU
		{D9952D2F-299D-483D-8C20-1953EEE25DA2}.Debug|Any CPU.ActiveCfg = Debug|Any CPU
		{D9952D2F-299D-483D-8C20-1953EEE25DA2}.Debug|Any CPU.Build.0 = Debug|Any CPU
		{D9952D2F-299D-483D-8C20-1953EEE25DA2}.Release|Any CPU.ActiveCfg = Release|Any CPU
		{D9952D2F-299D-483D-8C20-1953EEE25DA2}.Release|Any CPU.Build.0 = Release|Any CPU
		{3303E3BB-66F7-43F3-AF93-F59D45EC69B4}.Debug|Any CPU.ActiveCfg = Debug|Any CPU
		{3303E3BB-66F7-43F3-AF93-F59D45EC69B4}.Debug|Any CPU.Build.0 = Debug|Any CPU
		{3303E3BB-66F7-43F3-AF93-F59D45EC69B4}.Release|Any CPU.ActiveCfg = Release|Any CPU
		{3303E3BB-66F7-43F3-AF93-F59D45EC69B4}.Release|Any CPU.Build.0 = Release|Any CPU
		{F267B69A-B95F-4812-94E9-448B40081023}.Debug|Any CPU.ActiveCfg = Debug|Any CPU
		{F267B69A-B95F-4812-94E9-448B40081023}.Debug|Any CPU.Build.0 = Debug|Any CPU
		{F267B69A-B95F-4812-94E9-448B40081023}.Release|Any CPU.ActiveCfg = Release|Any CPU
		{F267B69A-B95F-4812-94E9-448B40081023}.Release|Any CPU.Build.0 = Release|Any CPU
		{DC855CB2-3E88-49FD-8A1C-BFAFB399D508}.Debug|Any CPU.ActiveCfg = Debug|Any CPU
		{DC855CB2-3E88-49FD-8A1C-BFAFB399D508}.Debug|Any CPU.Build.0 = Debug|Any CPU
		{DC855CB2-3E88-49FD-8A1C-BFAFB399D508}.Release|Any CPU.ActiveCfg = Release|Any CPU
		{DC855CB2-3E88-49FD-8A1C-BFAFB399D508}.Release|Any CPU.Build.0 = Release|Any CPU
		{0C195B6D-BA2E-4C9D-8AC7-47DD346CDE28}.Debug|Any CPU.ActiveCfg = Debug|Any CPU
		{0C195B6D-BA2E-4C9D-8AC7-47DD346CDE28}.Debug|Any CPU.Build.0 = Debug|Any CPU
		{0C195B6D-BA2E-4C9D-8AC7-47DD346CDE28}.Release|Any CPU.ActiveCfg = Release|Any CPU
		{0C195B6D-BA2E-4C9D-8AC7-47DD346CDE28}.Release|Any CPU.Build.0 = Release|Any CPU
		{DEA0FFE4-2092-4AFC-98B5-24EB8E79159A}.Debug|Any CPU.ActiveCfg = Debug|Any CPU
		{DEA0FFE4-2092-4AFC-98B5-24EB8E79159A}.Debug|Any CPU.Build.0 = Debug|Any CPU
		{DEA0FFE4-2092-4AFC-98B5-24EB8E79159A}.Release|Any CPU.ActiveCfg = Release|Any CPU
		{DEA0FFE4-2092-4AFC-98B5-24EB8E79159A}.Release|Any CPU.Build.0 = Release|Any CPU
		{D0E773CE-5BCC-45D5-A5AE-8295F00B7C15}.Debug|Any CPU.ActiveCfg = Debug|Any CPU
		{D0E773CE-5BCC-45D5-A5AE-8295F00B7C15}.Debug|Any CPU.Build.0 = Debug|Any CPU
		{D0E773CE-5BCC-45D5-A5AE-8295F00B7C15}.Release|Any CPU.ActiveCfg = Release|Any CPU
		{D0E773CE-5BCC-45D5-A5AE-8295F00B7C15}.Release|Any CPU.Build.0 = Release|Any CPU
		{7EFA43D4-0508-4CDD-AE75-0EBB8297B979}.Debug|Any CPU.ActiveCfg = Debug|Any CPU
		{7EFA43D4-0508-4CDD-AE75-0EBB8297B979}.Debug|Any CPU.Build.0 = Debug|Any CPU
		{7EFA43D4-0508-4CDD-AE75-0EBB8297B979}.Release|Any CPU.ActiveCfg = Release|Any CPU
		{7EFA43D4-0508-4CDD-AE75-0EBB8297B979}.Release|Any CPU.Build.0 = Release|Any CPU
		{437E91F7-D25A-4314-92D7-974BD7F83F23}.Debug|Any CPU.ActiveCfg = Debug|Any CPU
		{437E91F7-D25A-4314-92D7-974BD7F83F23}.Debug|Any CPU.Build.0 = Debug|Any CPU
		{437E91F7-D25A-4314-92D7-974BD7F83F23}.Release|Any CPU.ActiveCfg = Release|Any CPU
		{437E91F7-D25A-4314-92D7-974BD7F83F23}.Release|Any CPU.Build.0 = Release|Any CPU
		{C11DF922-845A-4DE6-BCE2-0A0A151C0EE8}.Debug|Any CPU.ActiveCfg = Debug|Any CPU
		{C11DF922-845A-4DE6-BCE2-0A0A151C0EE8}.Debug|Any CPU.Build.0 = Debug|Any CPU
		{C11DF922-845A-4DE6-BCE2-0A0A151C0EE8}.Release|Any CPU.ActiveCfg = Release|Any CPU
		{C11DF922-845A-4DE6-BCE2-0A0A151C0EE8}.Release|Any CPU.Build.0 = Release|Any CPU
		{01369E8A-9C2A-4702-AA92-0548214BF8C1}.Debug|Any CPU.ActiveCfg = Debug|Any CPU
		{01369E8A-9C2A-4702-AA92-0548214BF8C1}.Debug|Any CPU.Build.0 = Debug|Any CPU
		{01369E8A-9C2A-4702-AA92-0548214BF8C1}.Release|Any CPU.ActiveCfg = Release|Any CPU
		{01369E8A-9C2A-4702-AA92-0548214BF8C1}.Release|Any CPU.Build.0 = Release|Any CPU
		{9605B4B8-0A34-BDE4-CFD2-F49073E3B9EF}.Debug|Any CPU.ActiveCfg = Debug|Any CPU
		{9605B4B8-0A34-BDE4-CFD2-F49073E3B9EF}.Debug|Any CPU.Build.0 = Debug|Any CPU
		{9605B4B8-0A34-BDE4-CFD2-F49073E3B9EF}.Release|Any CPU.ActiveCfg = Release|Any CPU
		{9605B4B8-0A34-BDE4-CFD2-F49073E3B9EF}.Release|Any CPU.Build.0 = Release|Any CPU
	EndGlobalSection
	GlobalSection(SolutionProperties) = preSolution
		HideSolutionNode = FALSE
	EndGlobalSection
	GlobalSection(NestedProjects) = preSolution
		{51B53761-09C2-49EA-BE02-4BDA35E21099} = {DDB4EF12-CC4E-5E88-E6FC-71A802F4DE97}
		{2CFFC83B-AFB4-4D20-A8FE-8B15B01D7EB7} = {764ECD5C-3C30-4139-965F-A84B408C3672}
		{8AD741B5-B835-4E6D-8AB2-0E79B1F5F71A} = {9502DEB9-C200-4FC7-AAE2-CE0D3689B1E3}
		{11D3EE69-4D76-41C1-919D-CAE89D45BC82} = {8AD741B5-B835-4E6D-8AB2-0E79B1F5F71A}
		{764ECD5C-3C30-4139-965F-A84B408C3672} = {9502DEB9-C200-4FC7-AAE2-CE0D3689B1E3}
		{60854F0F-EFD7-4CEF-8A25-7D4D0E2C5CE4} = {508FD8B9-D485-4785-ABAA-A937C4F87CE7}
		{22819A04-EC89-47F2-8A42-4F6284B2A76B} = {9502DEB9-C200-4FC7-AAE2-CE0D3689B1E3}
		{BCCD1C9B-336E-4216-A139-5309C5B5DB48} = {22819A04-EC89-47F2-8A42-4F6284B2A76B}
		{2E99A165-AEC4-46AE-83DF-E22E7526667B} = {8AD741B5-B835-4E6D-8AB2-0E79B1F5F71A}
		{77A4FA88-5E82-4F8A-8B3E-EA97F52F4BC1} = {8B61A5B6-8CB5-4D25-A558-0FD4079D4441}
		{0F275AE7-8CA8-4FC5-83A2-E01EC3D71DDE} = {508FD8B9-D485-4785-ABAA-A937C4F87CE7}
		{2374F9BD-2908-43B3-B664-A8AC2022D2A3} = {8B61A5B6-8CB5-4D25-A558-0FD4079D4441}
		{95746962-F99C-4B95-9C6E-F804B67A4296} = {2374F9BD-2908-43B3-B664-A8AC2022D2A3}
		{19DB0B3A-970D-4DD3-8ED6-2C09E0769EED} = {8B61A5B6-8CB5-4D25-A558-0FD4079D4441}
		{769F18E1-0728-46CB-8D6A-CE78D790D840} = {2374F9BD-2908-43B3-B664-A8AC2022D2A3}
		{D9952D2F-299D-483D-8C20-1953EEE25DA2} = {70BC40D2-4F97-46DA-9BCE-DC1750498E24}
		{CEF72C27-D833-4487-8742-2BC4BE3C2F87} = {70BC40D2-4F97-46DA-9BCE-DC1750498E24}
		{3303E3BB-66F7-43F3-AF93-F59D45EC69B4} = {CEF72C27-D833-4487-8742-2BC4BE3C2F87}
		{F267B69A-B95F-4812-94E9-448B40081023} = {CEF72C27-D833-4487-8742-2BC4BE3C2F87}
		{DC855CB2-3E88-49FD-8A1C-BFAFB399D508} = {73882D60-05F1-4C5A-A7A5-536F09353896}
		{17459C08-5FCF-47AE-9A0F-7928972FAC00} = {8434967D-1A3B-48D7-AA22-115DE980A9F6}
		{0C195B6D-BA2E-4C9D-8AC7-47DD346CDE28} = {17459C08-5FCF-47AE-9A0F-7928972FAC00}
		{DEA0FFE4-2092-4AFC-98B5-24EB8E79159A} = {8434967D-1A3B-48D7-AA22-115DE980A9F6}
		{D0E773CE-5BCC-45D5-A5AE-8295F00B7C15} = {8434967D-1A3B-48D7-AA22-115DE980A9F6}
		{7EFA43D4-0508-4CDD-AE75-0EBB8297B979} = {17459C08-5FCF-47AE-9A0F-7928972FAC00}
		{437E91F7-D25A-4314-92D7-974BD7F83F23} = {A2B163B6-C17B-4426-8AB0-54AF6720F075}
		{0E63D453-53C5-420D-87EF-18A8B33BFF72} = {A2B163B6-C17B-4426-8AB0-54AF6720F075}
		{C11DF922-845A-4DE6-BCE2-0A0A151C0EE8} = {0E63D453-53C5-420D-87EF-18A8B33BFF72}
		{01369E8A-9C2A-4702-AA92-0548214BF8C1} = {0E63D453-53C5-420D-87EF-18A8B33BFF72}
		{9605B4B8-0A34-BDE4-CFD2-F49073E3B9EF} = {0E63D453-53C5-420D-87EF-18A8B33BFF72}
	EndGlobalSection
	GlobalSection(ExtensibilityGlobals) = postSolution
		SolutionGuid = {8631C39E-EF80-460E-B830-CA30701647E0}
	EndGlobalSection
EndGlobal
